
Microsoft Visual Studio Solution File, Format Version 12.00
# Visual Studio 2012
Project("{8BC9CEB8-8B4A-11D0-8D11-00A0C91BC942}") = "02_Bugs", "02_Bugs\02_Bugs.vcxproj", "{79EF8F41-F2C6-4621-92F3-9D5840201757}"
EndProject
Project("{8BC9CEB8-8B4A-11D0-8D11-00A0C91BC942}") = "GameEngineAndroid", "..\..\..\GameEngine\GameEngine.Android.vcxproj", "{91C557FA-07C8-4BCD-BAF8-DA4B7CF97FBC}"
EndProject
Project("{8BC9CEB8-8B4A-11D0-8D11-00A0C91BC942}") = "01_Overview", "01_Overview\01_Overview.vcxproj", "{391FE850-47A9-4260-94AB-C5735CF4D4EE}"
EndProject
Project("{8BC9CEB8-8B4A-11D0-8D11-00A0C91BC942}") = "03_Light", "03_Light\03_Light.vcxproj", "{3EABCC93-ECCA-492E-A8BA-C999AD822E21}"
EndProject
Project("{8BC9CEB8-8B4A-11D0-8D11-00A0C91BC942}") = "stb", "..\..\..\GameEngine\Externals\stb.Android.vcxproj", "{A7BDF8A8-19CA-4093-89BB-21D63031257F}"
EndProject
Project("{8BC9CEB8-8B4A-11D0-8D11-00A0C91BC942}") = "pugixml", "..\..\..\GameEngine\Externals\pugixml.Android.vcxproj", "{C402ADDB-A124-45F0-8990-D126DE384CAD}"
EndProject
Global
	GlobalSection(SolutionConfigurationPlatforms) = preSolution
		Debug|Tegra-Android = Debug|Tegra-Android
		Profile|Tegra-Android = Profile|Tegra-Android
		Release|Tegra-Android = Release|Tegra-Android
	EndGlobalSection
	GlobalSection(ProjectConfigurationPlatforms) = postSolution
		{79EF8F41-F2C6-4621-92F3-9D5840201757}.Debug|Tegra-Android.ActiveCfg = Debug|Tegra-Android
		{79EF8F41-F2C6-4621-92F3-9D5840201757}.Debug|Tegra-Android.Build.0 = Debug|Tegra-Android
		{79EF8F41-F2C6-4621-92F3-9D5840201757}.Profile|Tegra-Android.ActiveCfg = Debug|Tegra-Android
		{79EF8F41-F2C6-4621-92F3-9D5840201757}.Profile|Tegra-Android.Build.0 = Debug|Tegra-Android
		{79EF8F41-F2C6-4621-92F3-9D5840201757}.Release|Tegra-Android.ActiveCfg = Release|Tegra-Android
		{79EF8F41-F2C6-4621-92F3-9D5840201757}.Release|Tegra-Android.Build.0 = Release|Tegra-Android
		{91C557FA-07C8-4BCD-BAF8-DA4B7CF97FBC}.Debug|Tegra-Android.ActiveCfg = Debug|Tegra-Android
		{91C557FA-07C8-4BCD-BAF8-DA4B7CF97FBC}.Debug|Tegra-Android.Build.0 = Debug|Tegra-Android
		{91C557FA-07C8-4BCD-BAF8-DA4B7CF97FBC}.Profile|Tegra-Android.ActiveCfg = Profile|Tegra-Android
		{91C557FA-07C8-4BCD-BAF8-DA4B7CF97FBC}.Profile|Tegra-Android.Build.0 = Profile|Tegra-Android
		{91C557FA-07C8-4BCD-BAF8-DA4B7CF97FBC}.Release|Tegra-Android.ActiveCfg = Release|Tegra-Android
		{91C557FA-07C8-4BCD-BAF8-DA4B7CF97FBC}.Release|Tegra-Android.Build.0 = Release|Tegra-Android
		{391FE850-47A9-4260-94AB-C5735CF4D4EE}.Debug|Tegra-Android.ActiveCfg = Debug|Tegra-Android
		{391FE850-47A9-4260-94AB-C5735CF4D4EE}.Debug|Tegra-Android.Build.0 = Debug|Tegra-Android
		{391FE850-47A9-4260-94AB-C5735CF4D4EE}.Profile|Tegra-Android.ActiveCfg = Debug|Tegra-Android
		{391FE850-47A9-4260-94AB-C5735CF4D4EE}.Profile|Tegra-Android.Build.0 = Debug|Tegra-Android
		{391FE850-47A9-4260-94AB-C5735CF4D4EE}.Release|Tegra-Android.ActiveCfg = Release|Tegra-Android
		{391FE850-47A9-4260-94AB-C5735CF4D4EE}.Release|Tegra-Android.Build.0 = Release|Tegra-Android
		{3EABCC93-ECCA-492E-A8BA-C999AD822E21}.Debug|Tegra-Android.ActiveCfg = Debug|Tegra-Android
		{3EABCC93-ECCA-492E-A8BA-C999AD822E21}.Debug|Tegra-Android.Build.0 = Debug|Tegra-Android
		{3EABCC93-ECCA-492E-A8BA-C999AD822E21}.Profile|Tegra-Android.ActiveCfg = Debug|Tegra-Android
		{3EABCC93-ECCA-492E-A8BA-C999AD822E21}.Profile|Tegra-Android.Build.0 = Debug|Tegra-Android
		{3EABCC93-ECCA-492E-A8BA-C999AD822E21}.Release|Tegra-Android.ActiveCfg = Release|Tegra-Android
		{3EABCC93-ECCA-492E-A8BA-C999AD822E21}.Release|Tegra-Android.Build.0 = Release|Tegra-Android
		{A7BDF8A8-19CA-4093-89BB-21D63031257F}.Debug|Tegra-Android.ActiveCfg = Debug|Tegra-Android
		{A7BDF8A8-19CA-4093-89BB-21D63031257F}.Debug|Tegra-Android.Build.0 = Debug|Tegra-Android
		{A7BDF8A8-19CA-4093-89BB-21D63031257F}.Profile|Tegra-Android.ActiveCfg = Profile|Tegra-Android
		{A7BDF8A8-19CA-4093-89BB-21D63031257F}.Profile|Tegra-Android.Build.0 = Profile|Tegra-Android
		{A7BDF8A8-19CA-4093-89BB-21D63031257F}.Release|Tegra-Android.ActiveCfg = Release|Tegra-Android
		{A7BDF8A8-19CA-4093-89BB-21D63031257F}.Release|Tegra-Android.Build.0 = Release|Tegra-Android
		{C402ADDB-A124-45F0-8990-D126DE384CAD}.Debug|Tegra-Android.ActiveCfg = Debug|Tegra-Android
		{C402ADDB-A124-45F0-8990-D126DE384CAD}.Debug|Tegra-Android.Build.0 = Debug|Tegra-Android
		{C402ADDB-A124-45F0-8990-D126DE384CAD}.Profile|Tegra-Android.ActiveCfg = Profile|Tegra-Android
		{C402ADDB-A124-45F0-8990-D126DE384CAD}.Profile|Tegra-Android.Build.0 = Profile|Tegra-Android
		{C402ADDB-A124-45F0-8990-D126DE384CAD}.Release|Tegra-Android.ActiveCfg = Release|Tegra-Android
		{C402ADDB-A124-45F0-8990-D126DE384CAD}.Release|Tegra-Android.Build.0 = Release|Tegra-Android
	EndGlobalSection
	GlobalSection(SolutionProperties) = preSolution
		HideSolutionNode = FALSE
	EndGlobalSection
EndGlobal
