
Microsoft Visual Studio Solution File, Format Version 12.00
# Visual Studio 2012
Project("{8BC9CEB8-8B4A-11D0-8D11-00A0C91BC942}") = "GameEngine.WP8", "..\..\GameEngine\GameEngine.WP8.vcxproj", "{1876456B-9639-48B8-97F4-B7D90CF5B25C}"
EndProject
Project("{8BC9CEB8-8B4A-11D0-8D11-00A0C91BC942}") = "pugixml.WP8", "..\..\GameEngine\Externals\pugixml.WP8.vcxproj", "{D8764BA2-C31B-4DDF-B08D-78974F1E56BA}"
EndProject
Project("{8BC9CEB8-8B4A-11D0-8D11-00A0C91BC942}") = "stb.WP8", "..\..\GameEngine\Externals\stb.WP8.vcxproj", "{BE3D8E67-B00B-458E-82FD-3BD6BFE4599A}"
EndProject
Project("{8BC9CEB8-8B4A-11D0-8D11-00A0C91BC942}") = "02_Bugs", "02_Bugs\02_Bugs.vcxproj", "{B5873490-7690-4B0E-99FA-491DE689A80B}"
EndProject
Project("{8BC9CEB8-8B4A-11D0-8D11-00A0C91BC942}") = "03_Light", "03_Light\03_Light.vcxproj", "{48B018EB-862E-49C7-9610-0358AB09D644}"
EndProject
Project("{8BC9CEB8-8B4A-11D0-8D11-00A0C91BC942}") = "01_Overview", "01_Overview\01_Overview.vcxproj", "{7C9234B8-0FC4-4F2E-BAD4-0E49EF7103DF}"
EndProject
Global
	GlobalSection(SolutionConfigurationPlatforms) = preSolution
		Debug|ARM = Debug|ARM
		Debug|Win32 = Debug|Win32
		Release|ARM = Release|ARM
		Release|Win32 = Release|Win32
	EndGlobalSection
	GlobalSection(ProjectConfigurationPlatforms) = postSolution
		{1876456B-9639-48B8-97F4-B7D90CF5B25C}.Debug|ARM.ActiveCfg = Debug|ARM
		{1876456B-9639-48B8-97F4-B7D90CF5B25C}.Debug|ARM.Build.0 = Debug|ARM
		{1876456B-9639-48B8-97F4-B7D90CF5B25C}.Debug|Win32.ActiveCfg = Debug|Win32
		{1876456B-9639-48B8-97F4-B7D90CF5B25C}.Debug|Win32.Build.0 = Debug|Win32
		{1876456B-9639-48B8-97F4-B7D90CF5B25C}.Release|ARM.ActiveCfg = Release|ARM
		{1876456B-9639-48B8-97F4-B7D90CF5B25C}.Release|ARM.Build.0 = Release|ARM
		{1876456B-9639-48B8-97F4-B7D90CF5B25C}.Release|Win32.ActiveCfg = Release|Win32
		{1876456B-9639-48B8-97F4-B7D90CF5B25C}.Release|Win32.Build.0 = Release|Win32
		{D8764BA2-C31B-4DDF-B08D-78974F1E56BA}.Debug|ARM.ActiveCfg = Debug|ARM
		{D8764BA2-C31B-4DDF-B08D-78974F1E56BA}.Debug|ARM.Build.0 = Debug|ARM
		{D8764BA2-C31B-4DDF-B08D-78974F1E56BA}.Debug|Win32.ActiveCfg = Debug|Win32
		{D8764BA2-C31B-4DDF-B08D-78974F1E56BA}.Debug|Win32.Build.0 = Debug|Win32
		{D8764BA2-C31B-4DDF-B08D-78974F1E56BA}.Release|ARM.ActiveCfg = Release|ARM
		{D8764BA2-C31B-4DDF-B08D-78974F1E56BA}.Release|ARM.Build.0 = Release|ARM
		{D8764BA2-C31B-4DDF-B08D-78974F1E56BA}.Release|Win32.ActiveCfg = Release|Win32
		{D8764BA2-C31B-4DDF-B08D-78974F1E56BA}.Release|Win32.Build.0 = Release|Win32
		{BE3D8E67-B00B-458E-82FD-3BD6BFE4599A}.Debug|ARM.ActiveCfg = Debug|ARM
		{BE3D8E67-B00B-458E-82FD-3BD6BFE4599A}.Debug|ARM.Build.0 = Debug|ARM
		{BE3D8E67-B00B-458E-82FD-3BD6BFE4599A}.Debug|Win32.ActiveCfg = Debug|Win32
		{BE3D8E67-B00B-458E-82FD-3BD6BFE4599A}.Debug|Win32.Build.0 = Debug|Win32
		{BE3D8E67-B00B-458E-82FD-3BD6BFE4599A}.Release|ARM.ActiveCfg = Release|ARM
		{BE3D8E67-B00B-458E-82FD-3BD6BFE4599A}.Release|ARM.Build.0 = Release|ARM
		{BE3D8E67-B00B-458E-82FD-3BD6BFE4599A}.Release|Win32.ActiveCfg = Release|Win32
		{BE3D8E67-B00B-458E-82FD-3BD6BFE4599A}.Release|Win32.Build.0 = Release|Win32
		{B5873490-7690-4B0E-99FA-491DE689A80B}.Debug|ARM.ActiveCfg = Debug|ARM
		{B5873490-7690-4B0E-99FA-491DE689A80B}.Debug|ARM.Build.0 = Debug|ARM
		{B5873490-7690-4B0E-99FA-491DE689A80B}.Debug|ARM.Deploy.0 = Debug|ARM
		{B5873490-7690-4B0E-99FA-491DE689A80B}.Debug|Win32.ActiveCfg = Debug|Win32
		{B5873490-7690-4B0E-99FA-491DE689A80B}.Debug|Win32.Build.0 = Debug|Win32
		{B5873490-7690-4B0E-99FA-491DE689A80B}.Debug|Win32.Deploy.0 = Debug|Win32
		{B5873490-7690-4B0E-99FA-491DE689A80B}.Release|ARM.ActiveCfg = Release|ARM
		{B5873490-7690-4B0E-99FA-491DE689A80B}.Release|ARM.Build.0 = Release|ARM
		{B5873490-7690-4B0E-99FA-491DE689A80B}.Release|ARM.Deploy.0 = Release|ARM
		{B5873490-7690-4B0E-99FA-491DE689A80B}.Release|Win32.ActiveCfg = Release|Win32
		{B5873490-7690-4B0E-99FA-491DE689A80B}.Release|Win32.Build.0 = Release|Win32
		{B5873490-7690-4B0E-99FA-491DE689A80B}.Release|Win32.Deploy.0 = Release|Win32
		{48B018EB-862E-49C7-9610-0358AB09D644}.Debug|ARM.ActiveCfg = Debug|ARM
		{48B018EB-862E-49C7-9610-0358AB09D644}.Debug|ARM.Build.0 = Debug|ARM
		{48B018EB-862E-49C7-9610-0358AB09D644}.Debug|ARM.Deploy.0 = Debug|ARM
		{48B018EB-862E-49C7-9610-0358AB09D644}.Debug|Win32.ActiveCfg = Debug|Win32
		{48B018EB-862E-49C7-9610-0358AB09D644}.Debug|Win32.Build.0 = Debug|Win32
		{48B018EB-862E-49C7-9610-0358AB09D644}.Debug|Win32.Deploy.0 = Debug|Win32
		{48B018EB-862E-49C7-9610-0358AB09D644}.Release|ARM.ActiveCfg = Release|ARM
		{48B018EB-862E-49C7-9610-0358AB09D644}.Release|ARM.Build.0 = Release|ARM
		{48B018EB-862E-49C7-9610-0358AB09D644}.Release|ARM.Deploy.0 = Release|ARM
		{48B018EB-862E-49C7-9610-0358AB09D644}.Release|Win32.ActiveCfg = Release|Win32
		{48B018EB-862E-49C7-9610-0358AB09D644}.Release|Win32.Build.0 = Release|Win32
		{48B018EB-862E-49C7-9610-0358AB09D644}.Release|Win32.Deploy.0 = Release|Win32
		{7C9234B8-0FC4-4F2E-BAD4-0E49EF7103DF}.Debug|ARM.ActiveCfg = Debug|ARM
		{7C9234B8-0FC4-4F2E-BAD4-0E49EF7103DF}.Debug|ARM.Build.0 = Debug|ARM
		{7C9234B8-0FC4-4F2E-BAD4-0E49EF7103DF}.Debug|ARM.Deploy.0 = Debug|ARM
		{7C9234B8-0FC4-4F2E-BAD4-0E49EF7103DF}.Debug|Win32.ActiveCfg = Debug|Win32
		{7C9234B8-0FC4-4F2E-BAD4-0E49EF7103DF}.Debug|Win32.Build.0 = Debug|Win32
		{7C9234B8-0FC4-4F2E-BAD4-0E49EF7103DF}.Debug|Win32.Deploy.0 = Debug|Win32
		{7C9234B8-0FC4-4F2E-BAD4-0E49EF7103DF}.Release|ARM.ActiveCfg = Release|ARM
		{7C9234B8-0FC4-4F2E-BAD4-0E49EF7103DF}.Release|ARM.Build.0 = Release|ARM
		{7C9234B8-0FC4-4F2E-BAD4-0E49EF7103DF}.Release|ARM.Deploy.0 = Release|ARM
		{7C9234B8-0FC4-4F2E-BAD4-0E49EF7103DF}.Release|Win32.ActiveCfg = Release|Win32
		{7C9234B8-0FC4-4F2E-BAD4-0E49EF7103DF}.Release|Win32.Build.0 = Release|Win32
		{7C9234B8-0FC4-4F2E-BAD4-0E49EF7103DF}.Release|Win32.Deploy.0 = Release|Win32
	EndGlobalSection
	GlobalSection(SolutionProperties) = preSolution
		HideSolutionNode = FALSE
	EndGlobalSection
EndGlobal
