// !$*UTF8*$!
{
	archiveVersion = 1;
	classes = {
	};
	objectVersion = 46;
	objects = {

/* Begin PBXBuildFile section */
		69310DA016A8D659006C16F8 /* hit.wav in Resources */ = {isa = PBXBuildFile; fileRef = 69310D9F16A8D659006C16F8 /* hit.wav */; };
		69310DAB16A8D670006C16F8 /* bugA1.png in Resources */ = {isa = PBXBuildFile; fileRef = 69310DA116A8D670006C16F8 /* bugA1.png */; };
		69310DAC16A8D670006C16F8 /* bugA2.png in Resources */ = {isa = PBXBuildFile; fileRef = 69310DA216A8D670006C16F8 /* bugA2.png */; };
		69310DAD16A8D670006C16F8 /* bugA3.png in Resources */ = {isa = PBXBuildFile; fileRef = 69310DA316A8D670006C16F8 /* bugA3.png */; };
		69310DAE16A8D670006C16F8 /* bugB1.png in Resources */ = {isa = PBXBuildFile; fileRef = 69310DA416A8D670006C16F8 /* bugB1.png */; };
		69310DAF16A8D670006C16F8 /* bugB2.png in Resources */ = {isa = PBXBuildFile; fileRef = 69310DA516A8D670006C16F8 /* bugB2.png */; };
		69310DB016A8D670006C16F8 /* bugB3.png in Resources */ = {isa = PBXBuildFile; fileRef = 69310DA616A8D670006C16F8 /* bugB3.png */; };
		69310DB116A8D670006C16F8 /* bugC1.png in Resources */ = {isa = PBXBuildFile; fileRef = 69310DA716A8D670006C16F8 /* bugC1.png */; };
		69310DB216A8D670006C16F8 /* bugC2.png in Resources */ = {isa = PBXBuildFile; fileRef = 69310DA816A8D670006C16F8 /* bugC2.png */; };
		69310DB316A8D670006C16F8 /* bugC3.png in Resources */ = {isa = PBXBuildFile; fileRef = 69310DA916A8D670006C16F8 /* bugC3.png */; };
		69310DB416A8D670006C16F8 /* floor.jpg in Resources */ = {isa = PBXBuildFile; fileRef = 69310DAA16A8D670006C16F8 /* floor.jpg */; };
		69310DB716A8D682006C16F8 /* SceneSample.mm in Sources */ = {isa = PBXBuildFile; fileRef = 69310DB616A8D682006C16F8 /* SceneSample.mm */; };
		CE6E965A1875E1BE00FC59EE /* GEAudio.cpp in Sources */ = {isa = PBXBuildFile; fileRef = CE6E96261875E1BE00FC59EE /* GEAudio.cpp */; };
		CE6E965B1875E1BE00FC59EE /* GEAudioOpenAL.mm in Sources */ = {isa = PBXBuildFile; fileRef = CE6E962A1875E1BE00FC59EE /* GEAudioOpenAL.mm */; };
		CE6E965D1875E1BE00FC59EE /* GEUtils.cpp in Sources */ = {isa = PBXBuildFile; fileRef = CE6E96301875E1BE00FC59EE /* GEUtils.cpp */; };
		CE6E965E1875E1BE00FC59EE /* GEDevice.mm in Sources */ = {isa = PBXBuildFile; fileRef = CE6E96341875E1BE00FC59EE /* GEDevice.mm */; };
		CE6E96631875E1BE00FC59EE /* GEGraphicsDevice.cpp in Sources */ = {isa = PBXBuildFile; fileRef = CE6E96401875E1BE00FC59EE /* GEGraphicsDevice.cpp */; };
		CE6E96641875E1BE00FC59EE /* GERendering.cpp in Sources */ = {isa = PBXBuildFile; fileRef = CE6E96421875E1BE00FC59EE /* GERendering.cpp */; };
		CE6E96651875E1BE00FC59EE /* GERenderingObjects.cpp in Sources */ = {isa = PBXBuildFile; fileRef = CE6E96441875E1BE00FC59EE /* GERenderingObjects.cpp */; };
		CE6E96661875E1BE00FC59EE /* GERenderingES20.mm in Sources */ = {isa = PBXBuildFile; fileRef = CE6E96481875E1BE00FC59EE /* GERenderingES20.mm */; };
		CE6E96671875E1BE00FC59EE /* GERenderingObjectsES20.mm in Sources */ = {isa = PBXBuildFile; fileRef = CE6E964A1875E1BE00FC59EE /* GERenderingObjectsES20.mm */; };
		CE6E96681875E1BE00FC59EE /* GERenderingShadersES20.mm in Sources */ = {isa = PBXBuildFile; fileRef = CE6E964C1875E1BE00FC59EE /* GERenderingShadersES20.mm */; };
		CE6E96711875E1BE00FC59EE /* GEScene.cpp in Sources */ = {isa = PBXBuildFile; fileRef = CE6E96571875E1BE00FC59EE /* GEScene.cpp */; };
		CEE0D40E1874FE270055FA21 /* Default-568h@2x.png in Resources */ = {isa = PBXBuildFile; fileRef = CEE0D40D1874FE260055FA21 /* Default-568h@2x.png */; };
		CEE0D4211874FFA20055FA21 /* AppDelegate.m in Sources */ = {isa = PBXBuildFile; fileRef = CEE0D41D1874FFA20055FA21 /* AppDelegate.m */; };
		CEE0D4221874FFA20055FA21 /* iPad.storyboard in Resources */ = {isa = PBXBuildFile; fileRef = CEE0D41E1874FFA20055FA21 /* iPad.storyboard */; };
		CEE0D4231874FFA20055FA21 /* iPhone.storyboard in Resources */ = {isa = PBXBuildFile; fileRef = CEE0D41F1874FFA20055FA21 /* iPhone.storyboard */; };
		CEE0D4241874FFA20055FA21 /* main.m in Sources */ = {isa = PBXBuildFile; fileRef = CEE0D4201874FFA20055FA21 /* main.m */; };
		CEE0D4D0187514A80055FA21 /* hud.fsh in Resources */ = {isa = PBXBuildFile; fileRef = CEE0D4AD187514260055FA21 /* hud.fsh */; };
		CEE0D4D1187514A80055FA21 /* hud.vsh in Resources */ = {isa = PBXBuildFile; fileRef = CEE0D4AE187514260055FA21 /* hud.vsh */; };
		CEE0D4D2187514A80055FA21 /* text.fsh in Resources */ = {isa = PBXBuildFile; fileRef = CEE0D4B3187514260055FA21 /* text.fsh */; };
		CEE0D4D3187514A80055FA21 /* text.vsh in Resources */ = {isa = PBXBuildFile; fileRef = CEE0D4B4187514260055FA21 /* text.vsh */; };
		CEE82F6C16679399004FBB96 /* UIKit.framework in Frameworks */ = {isa = PBXBuildFile; fileRef = CEE82F6B16679399004FBB96 /* UIKit.framework */; };
		CEE82F6E16679399004FBB96 /* Foundation.framework in Frameworks */ = {isa = PBXBuildFile; fileRef = CEE82F6D16679399004FBB96 /* Foundation.framework */; };
		CEE82F7016679399004FBB96 /* CoreGraphics.framework in Frameworks */ = {isa = PBXBuildFile; fileRef = CEE82F6F16679399004FBB96 /* CoreGraphics.framework */; };
		CEE82F7216679399004FBB96 /* GLKit.framework in Frameworks */ = {isa = PBXBuildFile; fileRef = CEE82F7116679399004FBB96 /* GLKit.framework */; };
		CEE82F7416679399004FBB96 /* OpenGLES.framework in Frameworks */ = {isa = PBXBuildFile; fileRef = CEE82F7316679399004FBB96 /* OpenGLES.framework */; };
		CEE82F7A16679399004FBB96 /* InfoPlist.strings in Resources */ = {isa = PBXBuildFile; fileRef = CEE82F7816679399004FBB96 /* InfoPlist.strings */; };
		CEE82F8D16679399004FBB96 /* ViewController.mm in Sources */ = {isa = PBXBuildFile; fileRef = CEE82F8C16679399004FBB96 /* ViewController.mm */; };
		CEE82F98166794A2004FBB96 /* CoreAudio.framework in Frameworks */ = {isa = PBXBuildFile; fileRef = CEE82F97166794A2004FBB96 /* CoreAudio.framework */; };
		CEE82F9B166794AA004FBB96 /* OpenAL.framework in Frameworks */ = {isa = PBXBuildFile; fileRef = CEE82F9A166794AA004FBB96 /* OpenAL.framework */; };
		CEE82F9D166794B4004FBB96 /* AudioToolbox.framework in Frameworks */ = {isa = PBXBuildFile; fileRef = CEE82F9C166794B4004FBB96 /* AudioToolbox.framework */; };
/* End PBXBuildFile section */

/* Begin PBXFileReference section */
		69310D9F16A8D659006C16F8 /* hit.wav */ = {isa = PBXFileReference; lastKnownFileType = audio.wav; path = hit.wav; sourceTree = "<group>"; };
		69310DA116A8D670006C16F8 /* bugA1.png */ = {isa = PBXFileReference; lastKnownFileType = image.png; name = bugA1.png; path = Resources/Textures/bugA1.png; sourceTree = "<group>"; };
		69310DA216A8D670006C16F8 /* bugA2.png */ = {isa = PBXFileReference; lastKnownFileType = image.png; name = bugA2.png; path = Resources/Textures/bugA2.png; sourceTree = "<group>"; };
		69310DA316A8D670006C16F8 /* bugA3.png */ = {isa = PBXFileReference; lastKnownFileType = image.png; name = bugA3.png; path = Resources/Textures/bugA3.png; sourceTree = "<group>"; };
		69310DA416A8D670006C16F8 /* bugB1.png */ = {isa = PBXFileReference; lastKnownFileType = image.png; name = bugB1.png; path = Resources/Textures/bugB1.png; sourceTree = "<group>"; };
		69310DA516A8D670006C16F8 /* bugB2.png */ = {isa = PBXFileReference; lastKnownFileType = image.png; name = bugB2.png; path = Resources/Textures/bugB2.png; sourceTree = "<group>"; };
		69310DA616A8D670006C16F8 /* bugB3.png */ = {isa = PBXFileReference; lastKnownFileType = image.png; name = bugB3.png; path = Resources/Textures/bugB3.png; sourceTree = "<group>"; };
		69310DA716A8D670006C16F8 /* bugC1.png */ = {isa = PBXFileReference; lastKnownFileType = image.png; name = bugC1.png; path = Resources/Textures/bugC1.png; sourceTree = "<group>"; };
		69310DA816A8D670006C16F8 /* bugC2.png */ = {isa = PBXFileReference; lastKnownFileType = image.png; name = bugC2.png; path = Resources/Textures/bugC2.png; sourceTree = "<group>"; };
		69310DA916A8D670006C16F8 /* bugC3.png */ = {isa = PBXFileReference; lastKnownFileType = image.png; name = bugC3.png; path = Resources/Textures/bugC3.png; sourceTree = "<group>"; };
		69310DAA16A8D670006C16F8 /* floor.jpg */ = {isa = PBXFileReference; lastKnownFileType = image.jpeg; name = floor.jpg; path = Resources/Textures/floor.jpg; sourceTree = "<group>"; };
		69310DB516A8D682006C16F8 /* SceneSample.h */ = {isa = PBXFileReference; fileEncoding = 4; lastKnownFileType = sourcecode.c.h; name = SceneSample.h; path = Scenes/SceneSample.h; sourceTree = "<group>"; };
		69310DB616A8D682006C16F8 /* SceneSample.mm */ = {isa = PBXFileReference; fileEncoding = 4; lastKnownFileType = sourcecode.cpp.objcpp; name = SceneSample.mm; path = Scenes/SceneSample.mm; sourceTree = "<group>"; };
		6995DCA4187E091B00CF404B /* Prefix.pch */ = {isa = PBXFileReference; fileEncoding = 4; lastKnownFileType = sourcecode.c.h; name = Prefix.pch; path = ../../common/Prefix.pch; sourceTree = "<group>"; };
		CE6E96261875E1BE00FC59EE /* GEAudio.cpp */ = {isa = PBXFileReference; fileEncoding = 4; lastKnownFileType = sourcecode.cpp.cpp; path = GEAudio.cpp; sourceTree = "<group>"; };
		CE6E96271875E1BE00FC59EE /* GEAudio.h */ = {isa = PBXFileReference; fileEncoding = 4; lastKnownFileType = sourcecode.c.h; path = GEAudio.h; sourceTree = "<group>"; };
		CE6E96291875E1BE00FC59EE /* GEAudioOpenAL.h */ = {isa = PBXFileReference; fileEncoding = 4; lastKnownFileType = sourcecode.c.h; path = GEAudioOpenAL.h; sourceTree = "<group>"; };
		CE6E962A1875E1BE00FC59EE /* GEAudioOpenAL.mm */ = {isa = PBXFileReference; fileEncoding = 4; lastKnownFileType = sourcecode.cpp.objcpp; path = GEAudioOpenAL.mm; sourceTree = "<group>"; };
		CE6E962C1875E1BE00FC59EE /* GEConstants.h */ = {isa = PBXFileReference; fileEncoding = 4; lastKnownFileType = sourcecode.c.h; path = GEConstants.h; sourceTree = "<group>"; };
		CE6E962F1875E1BE00FC59EE /* GETypes.h */ = {isa = PBXFileReference; fileEncoding = 4; lastKnownFileType = sourcecode.c.h; path = GETypes.h; sourceTree = "<group>"; };
		CE6E96301875E1BE00FC59EE /* GEUtils.cpp */ = {isa = PBXFileReference; fileEncoding = 4; lastKnownFileType = sourcecode.cpp.cpp; path = GEUtils.cpp; sourceTree = "<group>"; };
		CE6E96311875E1BE00FC59EE /* GEUtils.h */ = {isa = PBXFileReference; fileEncoding = 4; lastKnownFileType = sourcecode.c.h; path = GEUtils.h; sourceTree = "<group>"; };
		CE6E96331875E1BE00FC59EE /* GEDevice.h */ = {isa = PBXFileReference; fileEncoding = 4; lastKnownFileType = sourcecode.c.h; path = GEDevice.h; sourceTree = "<group>"; };
		CE6E96341875E1BE00FC59EE /* GEDevice.mm */ = {isa = PBXFileReference; fileEncoding = 4; lastKnownFileType = sourcecode.cpp.objcpp; path = GEDevice.mm; sourceTree = "<group>"; };
		CE6E96401875E1BE00FC59EE /* GEGraphicsDevice.cpp */ = {isa = PBXFileReference; fileEncoding = 4; lastKnownFileType = sourcecode.cpp.cpp; path = GEGraphicsDevice.cpp; sourceTree = "<group>"; };
		CE6E96411875E1BE00FC59EE /* GEGraphicsDevice.h */ = {isa = PBXFileReference; fileEncoding = 4; lastKnownFileType = sourcecode.c.h; path = GEGraphicsDevice.h; sourceTree = "<group>"; };
		CE6E96421875E1BE00FC59EE /* GERendering.cpp */ = {isa = PBXFileReference; fileEncoding = 4; lastKnownFileType = sourcecode.cpp.cpp; path = GERendering.cpp; sourceTree = "<group>"; };
		CE6E96431875E1BE00FC59EE /* GERendering.h */ = {isa = PBXFileReference; fileEncoding = 4; lastKnownFileType = sourcecode.c.h; path = GERendering.h; sourceTree = "<group>"; };
		CE6E96441875E1BE00FC59EE /* GERenderingObjects.cpp */ = {isa = PBXFileReference; fileEncoding = 4; lastKnownFileType = sourcecode.cpp.cpp; path = GERenderingObjects.cpp; sourceTree = "<group>"; };
		CE6E96451875E1BE00FC59EE /* GERenderingObjects.h */ = {isa = PBXFileReference; fileEncoding = 4; lastKnownFileType = sourcecode.c.h; path = GERenderingObjects.h; sourceTree = "<group>"; };
		CE6E96471875E1BE00FC59EE /* GERenderingES20.h */ = {isa = PBXFileReference; fileEncoding = 4; lastKnownFileType = sourcecode.c.h; path = GERenderingES20.h; sourceTree = "<group>"; };
		CE6E96481875E1BE00FC59EE /* GERenderingES20.mm */ = {isa = PBXFileReference; fileEncoding = 4; lastKnownFileType = sourcecode.cpp.objcpp; path = GERenderingES20.mm; sourceTree = "<group>"; };
		CE6E96491875E1BE00FC59EE /* GERenderingObjectsES20.h */ = {isa = PBXFileReference; fileEncoding = 4; lastKnownFileType = sourcecode.c.h; path = GERenderingObjectsES20.h; sourceTree = "<group>"; };
		CE6E964A1875E1BE00FC59EE /* GERenderingObjectsES20.mm */ = {isa = PBXFileReference; fileEncoding = 4; lastKnownFileType = sourcecode.cpp.objcpp; path = GERenderingObjectsES20.mm; sourceTree = "<group>"; };
		CE6E964B1875E1BE00FC59EE /* GERenderingShadersES20.h */ = {isa = PBXFileReference; fileEncoding = 4; lastKnownFileType = sourcecode.c.h; path = GERenderingShadersES20.h; sourceTree = "<group>"; };
		CE6E964C1875E1BE00FC59EE /* GERenderingShadersES20.mm */ = {isa = PBXFileReference; fileEncoding = 4; lastKnownFileType = sourcecode.cpp.objcpp; path = GERenderingShadersES20.mm; sourceTree = "<group>"; };
		CE6E96571875E1BE00FC59EE /* GEScene.cpp */ = {isa = PBXFileReference; fileEncoding = 4; lastKnownFileType = sourcecode.cpp.cpp; path = GEScene.cpp; sourceTree = "<group>"; };
		CE6E96581875E1BE00FC59EE /* GEScene.h */ = {isa = PBXFileReference; fileEncoding = 4; lastKnownFileType = sourcecode.c.h; path = GEScene.h; sourceTree = "<group>"; };
		CEC1A80816937F75006E3F90 /* config.h */ = {isa = PBXFileReference; lastKnownFileType = sourcecode.c.h; path = config.h; sourceTree = "<group>"; };
		CEE0D40D1874FE260055FA21 /* Default-568h@2x.png */ = {isa = PBXFileReference; lastKnownFileType = image.png; name = "Default-568h@2x.png"; path = "../common/Default-568h@2x.png"; sourceTree = "<group>"; };
		CEE0D41C1874FFA20055FA21 /* AppDelegate.h */ = {isa = PBXFileReference; fileEncoding = 4; lastKnownFileType = sourcecode.c.h; name = AppDelegate.h; path = ../../common/AppDelegate.h; sourceTree = "<group>"; };
		CEE0D41D1874FFA20055FA21 /* AppDelegate.m */ = {isa = PBXFileReference; fileEncoding = 4; lastKnownFileType = sourcecode.c.objc; name = AppDelegate.m; path = ../../common/AppDelegate.m; sourceTree = "<group>"; };
		CEE0D41E1874FFA20055FA21 /* iPad.storyboard */ = {isa = PBXFileReference; fileEncoding = 4; lastKnownFileType = file.storyboard; name = iPad.storyboard; path = ../../common/iPad.storyboard; sourceTree = "<group>"; };
		CEE0D41F1874FFA20055FA21 /* iPhone.storyboard */ = {isa = PBXFileReference; fileEncoding = 4; lastKnownFileType = file.storyboard; name = iPhone.storyboard; path = ../../common/iPhone.storyboard; sourceTree = "<group>"; };
		CEE0D4201874FFA20055FA21 /* main.m */ = {isa = PBXFileReference; fileEncoding = 4; lastKnownFileType = sourcecode.c.objc; name = main.m; path = ../../common/main.m; sourceTree = "<group>"; };
		CEE0D4AD187514260055FA21 /* hud.fsh */ = {isa = PBXFileReference; fileEncoding = 4; lastKnownFileType = sourcecode.glsl; path = hud.fsh; sourceTree = "<group>"; };
		CEE0D4AE187514260055FA21 /* hud.vsh */ = {isa = PBXFileReference; fileEncoding = 4; lastKnownFileType = sourcecode.glsl; path = hud.vsh; sourceTree = "<group>"; };
		CEE0D4B3187514260055FA21 /* text.fsh */ = {isa = PBXFileReference; fileEncoding = 4; lastKnownFileType = sourcecode.glsl; path = text.fsh; sourceTree = "<group>"; };
		CEE0D4B4187514260055FA21 /* text.vsh */ = {isa = PBXFileReference; fileEncoding = 4; lastKnownFileType = sourcecode.glsl; path = text.vsh; sourceTree = "<group>"; };
		CEE82F6716679399004FBB96 /* 02_Bugs.app */ = {isa = PBXFileReference; explicitFileType = wrapper.application; includeInIndex = 0; path = 02_Bugs.app; sourceTree = BUILT_PRODUCTS_DIR; };
		CEE82F6B16679399004FBB96 /* UIKit.framework */ = {isa = PBXFileReference; lastKnownFileType = wrapper.framework; name = UIKit.framework; path = System/Library/Frameworks/UIKit.framework; sourceTree = SDKROOT; };
		CEE82F6D16679399004FBB96 /* Foundation.framework */ = {isa = PBXFileReference; lastKnownFileType = wrapper.framework; name = Foundation.framework; path = System/Library/Frameworks/Foundation.framework; sourceTree = SDKROOT; };
		CEE82F6F16679399004FBB96 /* CoreGraphics.framework */ = {isa = PBXFileReference; lastKnownFileType = wrapper.framework; name = CoreGraphics.framework; path = System/Library/Frameworks/CoreGraphics.framework; sourceTree = SDKROOT; };
		CEE82F7116679399004FBB96 /* GLKit.framework */ = {isa = PBXFileReference; lastKnownFileType = wrapper.framework; name = GLKit.framework; path = System/Library/Frameworks/GLKit.framework; sourceTree = SDKROOT; };
		CEE82F7316679399004FBB96 /* OpenGLES.framework */ = {isa = PBXFileReference; lastKnownFileType = wrapper.framework; name = OpenGLES.framework; path = System/Library/Frameworks/OpenGLES.framework; sourceTree = SDKROOT; };
		CEE82F7716679399004FBB96 /* 02_Bugs-Info.plist */ = {isa = PBXFileReference; lastKnownFileType = text.plist.xml; path = "02_Bugs-Info.plist"; sourceTree = "<group>"; };
		CEE82F7916679399004FBB96 /* en */ = {isa = PBXFileReference; lastKnownFileType = text.plist.strings; name = en; path = en.lproj/InfoPlist.strings; sourceTree = "<group>"; };
		CEE82F8B16679399004FBB96 /* ViewController.h */ = {isa = PBXFileReference; lastKnownFileType = sourcecode.c.h; path = ViewController.h; sourceTree = "<group>"; };
		CEE82F8C16679399004FBB96 /* ViewController.mm */ = {isa = PBXFileReference; lastKnownFileType = sourcecode.cpp.objcpp; path = ViewController.mm; sourceTree = "<group>"; };
		CEE82F97166794A2004FBB96 /* CoreAudio.framework */ = {isa = PBXFileReference; lastKnownFileType = wrapper.framework; name = CoreAudio.framework; path = System/Library/Frameworks/CoreAudio.framework; sourceTree = SDKROOT; };
		CEE82F9A166794AA004FBB96 /* OpenAL.framework */ = {isa = PBXFileReference; lastKnownFileType = wrapper.framework; name = OpenAL.framework; path = System/Library/Frameworks/OpenAL.framework; sourceTree = SDKROOT; };
		CEE82F9C166794B4004FBB96 /* AudioToolbox.framework */ = {isa = PBXFileReference; lastKnownFileType = wrapper.framework; name = AudioToolbox.framework; path = System/Library/Frameworks/AudioToolbox.framework; sourceTree = SDKROOT; };
/* End PBXFileReference section */

/* Begin PBXFrameworksBuildPhase section */
		CEE82F6416679399004FBB96 /* Frameworks */ = {
			isa = PBXFrameworksBuildPhase;
			buildActionMask = 2147483647;
			files = (
				CEE82F9D166794B4004FBB96 /* AudioToolbox.framework in Frameworks */,
				CEE82F9B166794AA004FBB96 /* OpenAL.framework in Frameworks */,
				CEE82F98166794A2004FBB96 /* CoreAudio.framework in Frameworks */,
				CEE82F6C16679399004FBB96 /* UIKit.framework in Frameworks */,
				CEE82F6E16679399004FBB96 /* Foundation.framework in Frameworks */,
				CEE82F7016679399004FBB96 /* CoreGraphics.framework in Frameworks */,
				CEE82F7216679399004FBB96 /* GLKit.framework in Frameworks */,
				CEE82F7416679399004FBB96 /* OpenGLES.framework in Frameworks */,
			);
			runOnlyForDeploymentPostprocessing = 0;
		};
/* End PBXFrameworksBuildPhase section */

/* Begin PBXGroup section */
		69310D9E16A8D659006C16F8 /* Sounds */ = {
			isa = PBXGroup;
			children = (
				69310D9F16A8D659006C16F8 /* hit.wav */,
			);
			name = Sounds;
			path = Resources/Sounds;
			sourceTree = "<group>";
		};
		CE6E96221875E1BE00FC59EE /* Audio */ = {
			isa = PBXGroup;
			children = (
				CE6E96261875E1BE00FC59EE /* GEAudio.cpp */,
				CE6E96271875E1BE00FC59EE /* GEAudio.h */,
				CE6E96281875E1BE00FC59EE /* OpenAL */,
			);
			name = Audio;
			path = "../../Game Engine/Audio";
			sourceTree = "<group>";
		};
		CE6E96281875E1BE00FC59EE /* OpenAL */ = {
			isa = PBXGroup;
			children = (
				CE6E96291875E1BE00FC59EE /* GEAudioOpenAL.h */,
				CE6E962A1875E1BE00FC59EE /* GEAudioOpenAL.mm */,
			);
			path = OpenAL;
			sourceTree = "<group>";
		};
		CE6E962B1875E1BE00FC59EE /* Core */ = {
			isa = PBXGroup;
			children = (
				CE6E962C1875E1BE00FC59EE /* GEConstants.h */,
				CE6E962F1875E1BE00FC59EE /* GETypes.h */,
				CE6E96301875E1BE00FC59EE /* GEUtils.cpp */,
				CE6E96311875E1BE00FC59EE /* GEUtils.h */,
				CE6E96321875E1BE00FC59EE /* iOS */,
			);
			name = Core;
			path = "../../Game Engine/Core";
			sourceTree = "<group>";
		};
		CE6E96321875E1BE00FC59EE /* iOS */ = {
			isa = PBXGroup;
			children = (
				CE6E96331875E1BE00FC59EE /* GEDevice.h */,
				CE6E96341875E1BE00FC59EE /* GEDevice.mm */,
			);
			path = iOS;
			sourceTree = "<group>";
		};
		CE6E96381875E1BE00FC59EE /* Rendering */ = {
			isa = PBXGroup;
			children = (
				CE6E96401875E1BE00FC59EE /* GEGraphicsDevice.cpp */,
				CE6E96411875E1BE00FC59EE /* GEGraphicsDevice.h */,
				CE6E96421875E1BE00FC59EE /* GERendering.cpp */,
				CE6E96431875E1BE00FC59EE /* GERendering.h */,
				CE6E96441875E1BE00FC59EE /* GERenderingObjects.cpp */,
				CE6E96451875E1BE00FC59EE /* GERenderingObjects.h */,
				CE6E96461875E1BE00FC59EE /* OpenGL */,
			);
			name = Rendering;
			path = "../../Game Engine/Rendering";
			sourceTree = "<group>";
		};
		CE6E96461875E1BE00FC59EE /* OpenGL */ = {
			isa = PBXGroup;
			children = (
				CE6E96471875E1BE00FC59EE /* GERenderingES20.h */,
				CE6E96481875E1BE00FC59EE /* GERenderingES20.mm */,
				CE6E96491875E1BE00FC59EE /* GERenderingObjectsES20.h */,
				CE6E964A1875E1BE00FC59EE /* GERenderingObjectsES20.mm */,
				CE6E964B1875E1BE00FC59EE /* GERenderingShadersES20.h */,
				CE6E964C1875E1BE00FC59EE /* GERenderingShadersES20.mm */,
			);
			path = OpenGL;
			sourceTree = "<group>";
		};
		CE6E96561875E1BE00FC59EE /* Scenes */ = {
			isa = PBXGroup;
			children = (
				CE6E96571875E1BE00FC59EE /* GEScene.cpp */,
				CE6E96581875E1BE00FC59EE /* GEScene.h */,
			);
			name = Scenes;
			path = "../../Game Engine/Scenes";
			sourceTree = "<group>";
		};
		CEE0D4AC187514260055FA21 /* Shaders */ = {
			isa = PBXGroup;
			children = (
				CEE0D4AD187514260055FA21 /* hud.fsh */,
				CEE0D4AE187514260055FA21 /* hud.vsh */,
				CEE0D4B3187514260055FA21 /* text.fsh */,
				CEE0D4B4187514260055FA21 /* text.vsh */,
			);
			name = Shaders;
			path = "../../Game Engine/Rendering/OpenGL/Shaders";
			sourceTree = "<group>";
		};
		CEE82F5C16679399004FBB96 = {
			isa = PBXGroup;
			children = (
				CEE0D40D1874FE260055FA21 /* Default-568h@2x.png */,
				CEE82F7516679399004FBB96 /* Main */,
				CEE82FB0166797F7004FBB96 /* Game Engine */,
				CEE82FB1166797FD004FBB96 /* Scenes */,
				CEE82F9E166797AE004FBB96 /* Resources */,
				CEE82F6A16679399004FBB96 /* Frameworks */,
				CEE82F6816679399004FBB96 /* Products */,
			);
			sourceTree = "<group>";
		};
		CEE82F6816679399004FBB96 /* Products */ = {
			isa = PBXGroup;
			children = (
				CEE82F6716679399004FBB96 /* 02_Bugs.app */,
			);
			name = Products;
			sourceTree = "<group>";
		};
		CEE82F6A16679399004FBB96 /* Frameworks */ = {
			isa = PBXGroup;
			children = (
				CEE82F9C166794B4004FBB96 /* AudioToolbox.framework */,
				CEE82F9A166794AA004FBB96 /* OpenAL.framework */,
				CEE82F97166794A2004FBB96 /* CoreAudio.framework */,
				CEE82F6B16679399004FBB96 /* UIKit.framework */,
				CEE82F6D16679399004FBB96 /* Foundation.framework */,
				CEE82F6F16679399004FBB96 /* CoreGraphics.framework */,
				CEE82F7116679399004FBB96 /* GLKit.framework */,
				CEE82F7316679399004FBB96 /* OpenGLES.framework */,
			);
			name = Frameworks;
			sourceTree = "<group>";
		};
		CEE82F7516679399004FBB96 /* Main */ = {
			isa = PBXGroup;
			children = (
				CEE0D41C1874FFA20055FA21 /* AppDelegate.h */,
				CEE0D41D1874FFA20055FA21 /* AppDelegate.m */,
				CEE0D41E1874FFA20055FA21 /* iPad.storyboard */,
				CEE0D41F1874FFA20055FA21 /* iPhone.storyboard */,
				CEE0D4201874FFA20055FA21 /* main.m */,
				CEC1A80816937F75006E3F90 /* config.h */,
				CEE82F8B16679399004FBB96 /* ViewController.h */,
				CEE82F8C16679399004FBB96 /* ViewController.mm */,
				CEE82F7616679399004FBB96 /* Supporting Files */,
			);
			path = Main;
			sourceTree = SOURCE_ROOT;
		};
		CEE82F7616679399004FBB96 /* Supporting Files */ = {
			isa = PBXGroup;
			children = (
				6995DCA4187E091B00CF404B /* Prefix.pch */,
				CEE82F7716679399004FBB96 /* 02_Bugs-Info.plist */,
				CEE82F7816679399004FBB96 /* InfoPlist.strings */,
			);
			name = "Supporting Files";
			sourceTree = "<group>";
		};
		CEE82F9E166797AE004FBB96 /* Resources */ = {
			isa = PBXGroup;
			children = (
				CEE0D4AC187514260055FA21 /* Shaders */,
				69310D9E16A8D659006C16F8 /* Sounds */,
				CEE82FA7166797E4004FBB96 /* Textures */,
			);
			name = Resources;
			sourceTree = "<group>";
		};
		CEE82FA7166797E4004FBB96 /* Textures */ = {
			isa = PBXGroup;
			children = (
				69310DA116A8D670006C16F8 /* bugA1.png */,
				69310DA216A8D670006C16F8 /* bugA2.png */,
				69310DA316A8D670006C16F8 /* bugA3.png */,
				69310DA416A8D670006C16F8 /* bugB1.png */,
				69310DA516A8D670006C16F8 /* bugB2.png */,
				69310DA616A8D670006C16F8 /* bugB3.png */,
				69310DA716A8D670006C16F8 /* bugC1.png */,
				69310DA816A8D670006C16F8 /* bugC2.png */,
				69310DA916A8D670006C16F8 /* bugC3.png */,
				69310DAA16A8D670006C16F8 /* floor.jpg */,
			);
			name = Textures;
			sourceTree = "<group>";
		};
		CEE82FB0166797F7004FBB96 /* Game Engine */ = {
			isa = PBXGroup;
			children = (
				CE6E96221875E1BE00FC59EE /* Audio */,
				CE6E962B1875E1BE00FC59EE /* Core */,
				CE6E96381875E1BE00FC59EE /* Rendering */,
				CE6E96561875E1BE00FC59EE /* Scenes */,
			);
			name = "Game Engine";
			sourceTree = "<group>";
		};
		CEE82FB1166797FD004FBB96 /* Scenes */ = {
			isa = PBXGroup;
			children = (
				69310DB516A8D682006C16F8 /* SceneSample.h */,
				69310DB616A8D682006C16F8 /* SceneSample.mm */,
			);
			name = Scenes;
			sourceTree = "<group>";
		};
/* End PBXGroup section */

/* Begin PBXNativeTarget section */
		CEE82F6616679399004FBB96 /* 02_Bugs */ = {
			isa = PBXNativeTarget;
			buildConfigurationList = CEE82F9016679399004FBB96 /* Build configuration list for PBXNativeTarget "02_Bugs" */;
			buildPhases = (
				CEE82F6316679399004FBB96 /* Sources */,
				CEE82F6416679399004FBB96 /* Frameworks */,
				CEE82F6516679399004FBB96 /* Resources */,
			);
			buildRules = (
			);
			dependencies = (
			);
			name = 02_Bugs;
			productName = 01_Overview;
			productReference = CEE82F6716679399004FBB96 /* 02_Bugs.app */;
			productType = "com.apple.product-type.application";
		};
/* End PBXNativeTarget section */

/* Begin PBXProject section */
		CEE82F5E16679399004FBB96 /* Project object */ = {
			isa = PBXProject;
			attributes = {
				LastUpgradeCheck = 0460;
			};
			buildConfigurationList = CEE82F6116679399004FBB96 /* Build configuration list for PBXProject "02_Bugs" */;
			compatibilityVersion = "Xcode 3.2";
			developmentRegion = English;
			hasScannedForEncodings = 0;
			knownRegions = (
				en,
			);
			mainGroup = CEE82F5C16679399004FBB96;
			productRefGroup = CEE82F6816679399004FBB96 /* Products */;
			projectDirPath = "";
			projectRoot = "";
			targets = (
				CEE82F6616679399004FBB96 /* 02_Bugs */,
			);
		};
/* End PBXProject section */

/* Begin PBXResourcesBuildPhase section */
		CEE82F6516679399004FBB96 /* Resources */ = {
			isa = PBXResourcesBuildPhase;
			buildActionMask = 2147483647;
			files = (
				CEE0D4D0187514A80055FA21 /* hud.fsh in Resources */,
				CEE0D4D1187514A80055FA21 /* hud.vsh in Resources */,
				CEE0D4D2187514A80055FA21 /* text.fsh in Resources */,
				CEE0D4D3187514A80055FA21 /* text.vsh in Resources */,
				CEE82F7A16679399004FBB96 /* InfoPlist.strings in Resources */,
				69310DA016A8D659006C16F8 /* hit.wav in Resources */,
				69310DAB16A8D670006C16F8 /* bugA1.png in Resources */,
				69310DAC16A8D670006C16F8 /* bugA2.png in Resources */,
				69310DAD16A8D670006C16F8 /* bugA3.png in Resources */,
				69310DAE16A8D670006C16F8 /* bugB1.png in Resources */,
				69310DAF16A8D670006C16F8 /* bugB2.png in Resources */,
				69310DB016A8D670006C16F8 /* bugB3.png in Resources */,
				69310DB116A8D670006C16F8 /* bugC1.png in Resources */,
				69310DB216A8D670006C16F8 /* bugC2.png in Resources */,
				69310DB316A8D670006C16F8 /* bugC3.png in Resources */,
				69310DB416A8D670006C16F8 /* floor.jpg in Resources */,
				CEE0D40E1874FE270055FA21 /* Default-568h@2x.png in Resources */,
				CEE0D4221874FFA20055FA21 /* iPad.storyboard in Resources */,
				CEE0D4231874FFA20055FA21 /* iPhone.storyboard in Resources */,
			);
			runOnlyForDeploymentPostprocessing = 0;
		};
/* End PBXResourcesBuildPhase section */

/* Begin PBXSourcesBuildPhase section */
		CEE82F6316679399004FBB96 /* Sources */ = {
			isa = PBXSourcesBuildPhase;
			buildActionMask = 2147483647;
			files = (
				CEE82F8D16679399004FBB96 /* ViewController.mm in Sources */,
				69310DB716A8D682006C16F8 /* SceneSample.mm in Sources */,
				CEE0D4211874FFA20055FA21 /* AppDelegate.m in Sources */,
				CEE0D4241874FFA20055FA21 /* main.m in Sources */,
				CE6E965A1875E1BE00FC59EE /* GEAudio.cpp in Sources */,
				CE6E965B1875E1BE00FC59EE /* GEAudioOpenAL.mm in Sources */,
				CE6E965D1875E1BE00FC59EE /* GEUtils.cpp in Sources */,
				CE6E965E1875E1BE00FC59EE /* GEDevice.mm in Sources */,
				CE6E96631875E1BE00FC59EE /* GEGraphicsDevice.cpp in Sources */,
				CE6E96641875E1BE00FC59EE /* GERendering.cpp in Sources */,
				CE6E96651875E1BE00FC59EE /* GERenderingObjects.cpp in Sources */,
				CE6E96661875E1BE00FC59EE /* GERenderingES20.mm in Sources */,
				CE6E96671875E1BE00FC59EE /* GERenderingObjectsES20.mm in Sources */,
				CE6E96681875E1BE00FC59EE /* GERenderingShadersES20.mm in Sources */,
				CE6E96711875E1BE00FC59EE /* GEScene.cpp in Sources */,
			);
			runOnlyForDeploymentPostprocessing = 0;
		};
/* End PBXSourcesBuildPhase section */

/* Begin PBXVariantGroup section */
		CEE82F7816679399004FBB96 /* InfoPlist.strings */ = {
			isa = PBXVariantGroup;
			children = (
				CEE82F7916679399004FBB96 /* en */,
			);
			name = InfoPlist.strings;
			sourceTree = "<group>";
		};
/* End PBXVariantGroup section */

/* Begin XCBuildConfiguration section */
		CEE82F8E16679399004FBB96 /* Debug */ = {
			isa = XCBuildConfiguration;
			buildSettings = {
				ALWAYS_SEARCH_USER_PATHS = NO;
				ARCHS = "$(ARCHS_STANDARD_32_BIT)";
				CLANG_WARN_CONSTANT_CONVERSION = YES;
				CLANG_WARN_ENUM_CONVERSION = YES;
				CLANG_WARN_INT_CONVERSION = YES;
				CLANG_WARN__DUPLICATE_METHOD_MATCH = YES;
				"CODE_SIGN_IDENTITY[sdk=iphoneos*]" = "";
				COPY_PHASE_STRIP = NO;
				GCC_C_LANGUAGE_STANDARD = gnu99;
				GCC_DYNAMIC_NO_PIC = NO;
				GCC_OPTIMIZATION_LEVEL = 0;
				GCC_PREPROCESSOR_DEFINITIONS = (
					"DEBUG=1",
					"$(inherited)",
				);
				GCC_SYMBOLS_PRIVATE_EXTERN = NO;
				GCC_VERSION = com.apple.compilers.llvm.clang.1_0;
				GCC_WARN_ABOUT_RETURN_TYPE = YES;
				GCC_WARN_UNINITIALIZED_AUTOS = YES;
				GCC_WARN_UNUSED_VARIABLE = YES;
				IPHONEOS_DEPLOYMENT_TARGET = 5.1;
				SDKROOT = iphoneos;
				TARGETED_DEVICE_FAMILY = "1,2";
			};
			name = Debug;
		};
		CEE82F8F16679399004FBB96 /* Release */ = {
			isa = XCBuildConfiguration;
			buildSettings = {
				ALWAYS_SEARCH_USER_PATHS = NO;
				ARCHS = "$(ARCHS_STANDARD_32_BIT)";
				CLANG_WARN_CONSTANT_CONVERSION = YES;
				CLANG_WARN_ENUM_CONVERSION = YES;
				CLANG_WARN_INT_CONVERSION = YES;
				CLANG_WARN__DUPLICATE_METHOD_MATCH = YES;
				"CODE_SIGN_IDENTITY[sdk=iphoneos*]" = "";
				COPY_PHASE_STRIP = YES;
				GCC_C_LANGUAGE_STANDARD = gnu99;
				GCC_VERSION = com.apple.compilers.llvm.clang.1_0;
				GCC_WARN_ABOUT_RETURN_TYPE = YES;
				GCC_WARN_UNINITIALIZED_AUTOS = YES;
				GCC_WARN_UNUSED_VARIABLE = YES;
				IPHONEOS_DEPLOYMENT_TARGET = 5.1;
				OTHER_CFLAGS = "-DNS_BLOCK_ASSERTIONS=1";
				SDKROOT = iphoneos;
				TARGETED_DEVICE_FAMILY = "1,2";
				VALIDATE_PRODUCT = YES;
			};
			name = Release;
		};
		CEE82F9116679399004FBB96 /* Debug */ = {
			isa = XCBuildConfiguration;
			buildSettings = {
				GCC_PRECOMPILE_PREFIX_HEADER = YES;
				GCC_PREFIX_HEADER = ../common/Prefix.pch;
				"GCC_THUMB_SUPPORT[arch=armv6]" = "";
				HEADER_SEARCH_PATHS = (
					"\"../../Game Engine\"",
				);
				INFOPLIST_FILE = "Main/02_Bugs-Info.plist";
				PRODUCT_NAME = 02_Bugs;
				WRAPPER_EXTENSION = app;
			};
			name = Debug;
		};
		CEE82F9216679399004FBB96 /* Release */ = {
			isa = XCBuildConfiguration;
			buildSettings = {
				GCC_PRECOMPILE_PREFIX_HEADER = YES;
				GCC_PREFIX_HEADER = ../common/Prefix.pch;
				"GCC_THUMB_SUPPORT[arch=armv6]" = "";
				HEADER_SEARCH_PATHS = (
					"\"../../Game Engine\"",
				);
				INFOPLIST_FILE = "Main/02_Bugs-Info.plist";
				PRODUCT_NAME = 02_Bugs;
				WRAPPER_EXTENSION = app;
			};
			name = Release;
		};
/* End XCBuildConfiguration section */

/* Begin XCConfigurationList section */
		CEE82F6116679399004FBB96 /* Build configuration list for PBXProject "02_Bugs" */ = {
			isa = XCConfigurationList;
			buildConfigurations = (
				CEE82F8E16679399004FBB96 /* Debug */,
				CEE82F8F16679399004FBB96 /* Release */,
			);
			defaultConfigurationIsVisible = 0;
			defaultConfigurationName = Release;
		};
		CEE82F9016679399004FBB96 /* Build configuration list for PBXNativeTarget "02_Bugs" */ = {
			isa = XCConfigurationList;
			buildConfigurations = (
				CEE82F9116679399004FBB96 /* Debug */,
				CEE82F9216679399004FBB96 /* Release */,
			);
			defaultConfigurationIsVisible = 0;
			defaultConfigurationName = Release;
		};
/* End XCConfigurationList section */
	};
	rootObject = CEE82F5E16679399004FBB96 /* Project object */;
}
