<?xml version="1.0" encoding="utf-8"?>
<Project ToolsVersion="4.0" xmlns="http://schemas.microsoft.com/developer/msbuild/2003">
  <ItemGroup>
    <Filter Include="Archivos de código fuente">
      <UniqueIdentifier>{4FC737F1-C7A5-4376-A066-2A32D752A2FF}</UniqueIdentifier>
      <Extensions>cpp;c;cc;cxx;def;odl;idl;hpj;bat;asm;asmx</Extensions>
    </Filter>
    <Filter Include="Archivos de encabezado">
      <UniqueIdentifier>{93995380-89BD-4b04-88EB-625FBE52EBFB}</UniqueIdentifier>
      <Extensions>h;hpp;hxx;hm;inl;inc;xsd</Extensions>
    </Filter>
    <Filter Include="Archivos de recursos">
      <UniqueIdentifier>{67DA6AB6-F800-4c08-8B7A-83BB121AAD01}</UniqueIdentifier>
      <Extensions>rc;ico;cur;bmp;dlg;rc2;rct;bin;rgs;gif;jpg;jpeg;jpe;resx;tiff;tif;png;wav;mfcribbon-ms</Extensions>
    </Filter>
  </ItemGroup>
  <ItemGroup>
    <ClCompile Include="..\..\..\src\mchords.cpp">
      <Filter>Archivos de código fuente</Filter>
    </ClCompile>
    <ClCompile Include="..\..\..\src\mharmonypattern.cpp">
      <Filter>Archivos de código fuente</Filter>
    </ClCompile>
    <ClCompile Include="..\..\..\src\minstrument.cpp">
      <Filter>Archivos de código fuente</Filter>
    </ClCompile>
    <ClCompile Include="..\..\..\src\mmidireceiver.cpp">
      <Filter>Archivos de código fuente</Filter>
    </ClCompile>
    <ClCompile Include="..\..\..\src\mscalepattern.cpp">
      <Filter>Archivos de código fuente</Filter>
    </ClCompile>
    <ClCompile Include="..\..\..\src\mscales.cpp">
      <Filter>Archivos de código fuente</Filter>
    </ClCompile>
    <ClCompile Include="..\..\..\src\mscore.cpp">
      <Filter>Archivos de código fuente</Filter>
    </ClCompile>
    <ClCompile Include="..\..\..\src\mscript.cpp">
      <Filter>Archivos de código fuente</Filter>
    </ClCompile>
    <ClCompile Include="..\..\..\src\msong.cpp">
      <Filter>Archivos de código fuente</Filter>
    </ClCompile>
    <ClCompile Include="..\..\..\src\msoundgen.cpp">
      <Filter>Archivos de código fuente</Filter>
    </ClCompile>
    <ClCompile Include="..\..\..\src\mtimer.cpp">
      <Filter>Archivos de código fuente</Filter>
    </ClCompile>
    <ClCompile Include="..\..\..\src\mtypes.cpp">
      <Filter>Archivos de código fuente</Filter>
    </ClCompile>
    <ClCompile Include="..\..\..\src\mutils.cpp">
      <Filter>Archivos de código fuente</Filter>
    </ClCompile>
    <ClCompile Include="..\..\..\src\mband.cpp">
      <Filter>Archivos de código fuente</Filter>
    </ClCompile>
  </ItemGroup>
  <ItemGroup>
    <ClInclude Include="..\..\..\include\mchords.h">
      <Filter>Archivos de encabezado</Filter>
    </ClInclude>
    <ClInclude Include="..\..\..\include\mconstants.h">
      <Filter>Archivos de encabezado</Filter>
    </ClInclude>
    <ClInclude Include="..\..\..\include\mharmonypattern.h">
      <Filter>Archivos de encabezado</Filter>
    </ClInclude>
    <ClInclude Include="..\..\..\include\minstrument.h">
      <Filter>Archivos de encabezado</Filter>
    </ClInclude>
    <ClInclude Include="..\..\..\include\mlist.h">
      <Filter>Archivos de encabezado</Filter>
    </ClInclude>
    <ClInclude Include="..\..\..\include\mmidireceiver.h">
      <Filter>Archivos de encabezado</Filter>
    </ClInclude>
    <ClInclude Include="..\..\..\include\modus.h">
      <Filter>Archivos de encabezado</Filter>
    </ClInclude>
    <ClInclude Include="..\..\..\include\mscalepattern.h">
      <Filter>Archivos de encabezado</Filter>
    </ClInclude>
    <ClInclude Include="..\..\..\include\mscales.h">
      <Filter>Archivos de encabezado</Filter>
    </ClInclude>
    <ClInclude Include="..\..\..\include\mscore.h">
      <Filter>Archivos de encabezado</Filter>
    </ClInclude>
    <ClInclude Include="..\..\..\include\mscript.h">
      <Filter>Archivos de encabezado</Filter>
    </ClInclude>
    <ClInclude Include="..\..\..\include\msong.h">
      <Filter>Archivos de encabezado</Filter>
    </ClInclude>
    <ClInclude Include="..\..\..\include\msoundgen.h">
      <Filter>Archivos de encabezado</Filter>
    </ClInclude>
    <ClInclude Include="..\..\..\include\mtimer.h">
      <Filter>Archivos de encabezado</Filter>
    </ClInclude>
    <ClInclude Include="..\..\..\include\mtypes.h">
      <Filter>Archivos de encabezado</Filter>
    </ClInclude>
    <ClInclude Include="..\..\..\include\mutils.h">
      <Filter>Archivos de encabezado</Filter>
    </ClInclude>
    <ClInclude Include="..\..\..\include\mband.h">
      <Filter>Archivos de encabezado</Filter>
    </ClInclude>
  </ItemGroup>
</Project>