// !$*UTF8*$!
{
	archiveVersion = 1;
	classes = {
	};
	objectVersion = 46;
	objects = {

/* Begin PBXBuildFile section */
		69310D5F16A8B6CC006C16F8 /* hud.vsh in Resources */ = {isa = PBXBuildFile; fileRef = 69310D5016A8B666006C16F8 /* hud.vsh */; };
		69310D6016A8B6CC006C16F8 /* hud.fsh in Resources */ = {isa = PBXBuildFile; fileRef = 69310D4F16A8B666006C16F8 /* hud.fsh */; };
		69310D6B16A8BCCB006C16F8 /* mesh_texture.vsh in Resources */ = {isa = PBXBuildFile; fileRef = 69310D6816A8BCA7006C16F8 /* mesh_texture.vsh */; };
		69310D6C16A8BCCB006C16F8 /* mesh_texture.fsh in Resources */ = {isa = PBXBuildFile; fileRef = 69310D6716A8BCA7006C16F8 /* mesh_texture.fsh */; };
		69310D9216A8CA8A006C16F8 /* bulb.png in Resources */ = {isa = PBXBuildFile; fileRef = 69310D9116A8CA8A006C16F8 /* bulb.png */; };
		699B47791789418800F36BBF /* Default-568h@2x.png in Resources */ = {isa = PBXBuildFile; fileRef = 699B47781789418800F36BBF /* Default-568h@2x.png */; };
		CECE4715167C651800B9D86F /* GERenderingShaders.mm in Sources */ = {isa = PBXBuildFile; fileRef = CECE4714167C651800B9D86F /* GERenderingShaders.mm */; };
		CEE82F6C16679399004FBB96 /* UIKit.framework in Frameworks */ = {isa = PBXBuildFile; fileRef = CEE82F6B16679399004FBB96 /* UIKit.framework */; };
		CEE82F6E16679399004FBB96 /* Foundation.framework in Frameworks */ = {isa = PBXBuildFile; fileRef = CEE82F6D16679399004FBB96 /* Foundation.framework */; };
		CEE82F7016679399004FBB96 /* CoreGraphics.framework in Frameworks */ = {isa = PBXBuildFile; fileRef = CEE82F6F16679399004FBB96 /* CoreGraphics.framework */; };
		CEE82F7216679399004FBB96 /* GLKit.framework in Frameworks */ = {isa = PBXBuildFile; fileRef = CEE82F7116679399004FBB96 /* GLKit.framework */; };
		CEE82F7416679399004FBB96 /* OpenGLES.framework in Frameworks */ = {isa = PBXBuildFile; fileRef = CEE82F7316679399004FBB96 /* OpenGLES.framework */; };
		CEE82F7A16679399004FBB96 /* InfoPlist.strings in Resources */ = {isa = PBXBuildFile; fileRef = CEE82F7816679399004FBB96 /* InfoPlist.strings */; };
		CEE82F7C16679399004FBB96 /* main.m in Sources */ = {isa = PBXBuildFile; fileRef = CEE82F7B16679399004FBB96 /* main.m */; };
		CEE82F8016679399004FBB96 /* AppDelegate.m in Sources */ = {isa = PBXBuildFile; fileRef = CEE82F7F16679399004FBB96 /* AppDelegate.m */; };
		CEE82F8316679399004FBB96 /* iPhone.storyboard in Resources */ = {isa = PBXBuildFile; fileRef = CEE82F8116679399004FBB96 /* iPhone.storyboard */; };
		CEE82F8616679399004FBB96 /* iPad.storyboard in Resources */ = {isa = PBXBuildFile; fileRef = CEE82F8416679399004FBB96 /* iPad.storyboard */; };
		CEE82F8D16679399004FBB96 /* ViewController.mm in Sources */ = {isa = PBXBuildFile; fileRef = CEE82F8C16679399004FBB96 /* ViewController.mm */; };
		CEE82F98166794A2004FBB96 /* CoreAudio.framework in Frameworks */ = {isa = PBXBuildFile; fileRef = CEE82F97166794A2004FBB96 /* CoreAudio.framework */; };
		CEE82F9B166794AA004FBB96 /* OpenAL.framework in Frameworks */ = {isa = PBXBuildFile; fileRef = CEE82F9A166794AA004FBB96 /* OpenAL.framework */; };
		CEE82F9D166794B4004FBB96 /* AudioToolbox.framework in Frameworks */ = {isa = PBXBuildFile; fileRef = CEE82F9C166794B4004FBB96 /* AudioToolbox.framework */; };
		CEE82FAD166797EF004FBB96 /* banana.jpg in Resources */ = {isa = PBXBuildFile; fileRef = CEE82FA9166797EF004FBB96 /* banana.jpg */; };
		CEE82FB416679817004FBB96 /* SceneSample.mm in Sources */ = {isa = PBXBuildFile; fileRef = CEE82FB316679817004FBB96 /* SceneSample.mm */; };
		CEE82FC61667983F004FBB96 /* GEAudio.mm in Sources */ = {isa = PBXBuildFile; fileRef = CEE82FBA1667983F004FBB96 /* GEAudio.mm */; };
		CEE82FC71667983F004FBB96 /* GEDevice.mm in Sources */ = {isa = PBXBuildFile; fileRef = CEE82FBC1667983F004FBB96 /* GEDevice.mm */; };
		CEE82FC81667983F004FBB96 /* GERendering.mm in Sources */ = {isa = PBXBuildFile; fileRef = CEE82FBE1667983F004FBB96 /* GERendering.mm */; };
		CEE82FC91667983F004FBB96 /* GERenderingObjects.mm in Sources */ = {isa = PBXBuildFile; fileRef = CEE82FC01667983F004FBB96 /* GERenderingObjects.mm */; };
		CEE82FCA1667983F004FBB96 /* GEScene.mm in Sources */ = {isa = PBXBuildFile; fileRef = CEE82FC21667983F004FBB96 /* GEScene.mm */; };
		CEE82FCB1667983F004FBB96 /* GEUtils.mm in Sources */ = {isa = PBXBuildFile; fileRef = CEE82FC41667983F004FBB96 /* GEUtils.mm */; };
/* End PBXBuildFile section */

/* Begin PBXFileReference section */
		69310D4F16A8B666006C16F8 /* hud.fsh */ = {isa = PBXFileReference; fileEncoding = 4; lastKnownFileType = sourcecode.glsl; path = hud.fsh; sourceTree = "<group>"; };
		69310D5016A8B666006C16F8 /* hud.vsh */ = {isa = PBXFileReference; fileEncoding = 4; lastKnownFileType = sourcecode.glsl; path = hud.vsh; sourceTree = "<group>"; };
		69310D6716A8BCA7006C16F8 /* mesh_texture.fsh */ = {isa = PBXFileReference; fileEncoding = 4; lastKnownFileType = sourcecode.glsl; path = mesh_texture.fsh; sourceTree = "<group>"; };
		69310D6816A8BCA7006C16F8 /* mesh_texture.vsh */ = {isa = PBXFileReference; fileEncoding = 4; lastKnownFileType = sourcecode.glsl; path = mesh_texture.vsh; sourceTree = "<group>"; };
		69310D9116A8CA8A006C16F8 /* bulb.png */ = {isa = PBXFileReference; lastKnownFileType = image.png; name = bulb.png; path = Resources/Textures/bulb.png; sourceTree = "<group>"; };
		699B47781789418800F36BBF /* Default-568h@2x.png */ = {isa = PBXFileReference; lastKnownFileType = image.png; path = "Default-568h@2x.png"; sourceTree = "<group>"; };
		CE25611A16682CFC00611968 /* AppDelegate.h */ = {isa = PBXFileReference; fileEncoding = 4; lastKnownFileType = sourcecode.c.h; path = AppDelegate.h; sourceTree = "<group>"; };
		CEC1A80816937F75006E3F90 /* config.h */ = {isa = PBXFileReference; lastKnownFileType = sourcecode.c.h; path = config.h; sourceTree = "<group>"; };
		CECE4713167C651800B9D86F /* GERenderingShaders.h */ = {isa = PBXFileReference; fileEncoding = 4; lastKnownFileType = sourcecode.c.h; name = GERenderingShaders.h; path = ../../GameEngine/GERenderingShaders.h; sourceTree = "<group>"; };
		CECE4714167C651800B9D86F /* GERenderingShaders.mm */ = {isa = PBXFileReference; fileEncoding = 4; lastKnownFileType = sourcecode.cpp.objcpp; name = GERenderingShaders.mm; path = ../../GameEngine/GERenderingShaders.mm; sourceTree = "<group>"; };
		CEE82F6716679399004FBB96 /* 03_Light.app */ = {isa = PBXFileReference; explicitFileType = wrapper.application; includeInIndex = 0; path = 03_Light.app; sourceTree = BUILT_PRODUCTS_DIR; };
		CEE82F6B16679399004FBB96 /* UIKit.framework */ = {isa = PBXFileReference; lastKnownFileType = wrapper.framework; name = UIKit.framework; path = System/Library/Frameworks/UIKit.framework; sourceTree = SDKROOT; };
		CEE82F6D16679399004FBB96 /* Foundation.framework */ = {isa = PBXFileReference; lastKnownFileType = wrapper.framework; name = Foundation.framework; path = System/Library/Frameworks/Foundation.framework; sourceTree = SDKROOT; };
		CEE82F6F16679399004FBB96 /* CoreGraphics.framework */ = {isa = PBXFileReference; lastKnownFileType = wrapper.framework; name = CoreGraphics.framework; path = System/Library/Frameworks/CoreGraphics.framework; sourceTree = SDKROOT; };
		CEE82F7116679399004FBB96 /* GLKit.framework */ = {isa = PBXFileReference; lastKnownFileType = wrapper.framework; name = GLKit.framework; path = System/Library/Frameworks/GLKit.framework; sourceTree = SDKROOT; };
		CEE82F7316679399004FBB96 /* OpenGLES.framework */ = {isa = PBXFileReference; lastKnownFileType = wrapper.framework; name = OpenGLES.framework; path = System/Library/Frameworks/OpenGLES.framework; sourceTree = SDKROOT; };
		CEE82F7716679399004FBB96 /* 03_Light-Info.plist */ = {isa = PBXFileReference; lastKnownFileType = text.plist.xml; path = "03_Light-Info.plist"; sourceTree = "<group>"; };
		CEE82F7916679399004FBB96 /* en */ = {isa = PBXFileReference; lastKnownFileType = text.plist.strings; name = en; path = en.lproj/InfoPlist.strings; sourceTree = "<group>"; };
		CEE82F7B16679399004FBB96 /* main.m */ = {isa = PBXFileReference; lastKnownFileType = sourcecode.c.objc; path = main.m; sourceTree = "<group>"; };
		CEE82F7D16679399004FBB96 /* 03_Light-Prefix.pch */ = {isa = PBXFileReference; lastKnownFileType = sourcecode.c.h; path = "03_Light-Prefix.pch"; sourceTree = "<group>"; };
		CEE82F7F16679399004FBB96 /* AppDelegate.m */ = {isa = PBXFileReference; lastKnownFileType = sourcecode.c.objc; path = AppDelegate.m; sourceTree = "<group>"; };
		CEE82F8216679399004FBB96 /* en */ = {isa = PBXFileReference; lastKnownFileType = file.storyboard; name = en; path = en.lproj/iPhone.storyboard; sourceTree = "<group>"; };
		CEE82F8516679399004FBB96 /* en */ = {isa = PBXFileReference; lastKnownFileType = file.storyboard; name = en; path = en.lproj/iPad.storyboard; sourceTree = "<group>"; };
		CEE82F8B16679399004FBB96 /* ViewController.h */ = {isa = PBXFileReference; lastKnownFileType = sourcecode.c.h; path = ViewController.h; sourceTree = "<group>"; };
		CEE82F8C16679399004FBB96 /* ViewController.mm */ = {isa = PBXFileReference; lastKnownFileType = sourcecode.cpp.objcpp; path = ViewController.mm; sourceTree = "<group>"; };
		CEE82F97166794A2004FBB96 /* CoreAudio.framework */ = {isa = PBXFileReference; lastKnownFileType = wrapper.framework; name = CoreAudio.framework; path = System/Library/Frameworks/CoreAudio.framework; sourceTree = SDKROOT; };
		CEE82F9A166794AA004FBB96 /* OpenAL.framework */ = {isa = PBXFileReference; lastKnownFileType = wrapper.framework; name = OpenAL.framework; path = System/Library/Frameworks/OpenAL.framework; sourceTree = SDKROOT; };
		CEE82F9C166794B4004FBB96 /* AudioToolbox.framework */ = {isa = PBXFileReference; lastKnownFileType = wrapper.framework; name = AudioToolbox.framework; path = System/Library/Frameworks/AudioToolbox.framework; sourceTree = SDKROOT; };
		CEE82FA5166797DB004FBB96 /* banana.h */ = {isa = PBXFileReference; fileEncoding = 4; lastKnownFileType = sourcecode.c.h; name = banana.h; path = Resources/Models/banana.h; sourceTree = "<group>"; };
		CEE82FA9166797EF004FBB96 /* banana.jpg */ = {isa = PBXFileReference; lastKnownFileType = image.jpeg; name = banana.jpg; path = Resources/Textures/banana.jpg; sourceTree = "<group>"; };
		CEE82FB216679817004FBB96 /* SceneSample.h */ = {isa = PBXFileReference; fileEncoding = 4; lastKnownFileType = sourcecode.c.h; name = SceneSample.h; path = Scenes/SceneSample.h; sourceTree = "<group>"; };
		CEE82FB316679817004FBB96 /* SceneSample.mm */ = {isa = PBXFileReference; fileEncoding = 4; lastKnownFileType = sourcecode.cpp.objcpp; name = SceneSample.mm; path = Scenes/SceneSample.mm; sourceTree = "<group>"; };
		CEE82FB91667983F004FBB96 /* GEAudio.h */ = {isa = PBXFileReference; fileEncoding = 4; lastKnownFileType = sourcecode.c.h; name = GEAudio.h; path = ../../GameEngine/GEAudio.h; sourceTree = "<group>"; };
		CEE82FBA1667983F004FBB96 /* GEAudio.mm */ = {isa = PBXFileReference; fileEncoding = 4; lastKnownFileType = sourcecode.cpp.objcpp; name = GEAudio.mm; path = ../../GameEngine/GEAudio.mm; sourceTree = "<group>"; };
		CEE82FBB1667983F004FBB96 /* GEDevice.h */ = {isa = PBXFileReference; fileEncoding = 4; lastKnownFileType = sourcecode.c.h; name = GEDevice.h; path = ../../GameEngine/GEDevice.h; sourceTree = "<group>"; };
		CEE82FBC1667983F004FBB96 /* GEDevice.mm */ = {isa = PBXFileReference; fileEncoding = 4; lastKnownFileType = sourcecode.cpp.objcpp; name = GEDevice.mm; path = ../../GameEngine/GEDevice.mm; sourceTree = "<group>"; };
		CEE82FBD1667983F004FBB96 /* GERendering.h */ = {isa = PBXFileReference; fileEncoding = 4; lastKnownFileType = sourcecode.c.h; name = GERendering.h; path = ../../GameEngine/GERendering.h; sourceTree = "<group>"; };
		CEE82FBE1667983F004FBB96 /* GERendering.mm */ = {isa = PBXFileReference; fileEncoding = 4; lastKnownFileType = sourcecode.cpp.objcpp; name = GERendering.mm; path = ../../GameEngine/GERendering.mm; sourceTree = "<group>"; };
		CEE82FBF1667983F004FBB96 /* GERenderingObjects.h */ = {isa = PBXFileReference; fileEncoding = 4; lastKnownFileType = sourcecode.c.h; name = GERenderingObjects.h; path = ../../GameEngine/GERenderingObjects.h; sourceTree = "<group>"; };
		CEE82FC01667983F004FBB96 /* GERenderingObjects.mm */ = {isa = PBXFileReference; fileEncoding = 4; lastKnownFileType = sourcecode.cpp.objcpp; name = GERenderingObjects.mm; path = ../../GameEngine/GERenderingObjects.mm; sourceTree = "<group>"; };
		CEE82FC11667983F004FBB96 /* GEScene.h */ = {isa = PBXFileReference; fileEncoding = 4; lastKnownFileType = sourcecode.c.h; name = GEScene.h; path = ../../GameEngine/GEScene.h; sourceTree = "<group>"; };
		CEE82FC21667983F004FBB96 /* GEScene.mm */ = {isa = PBXFileReference; fileEncoding = 4; lastKnownFileType = sourcecode.cpp.objcpp; name = GEScene.mm; path = ../../GameEngine/GEScene.mm; sourceTree = "<group>"; };
		CEE82FC31667983F004FBB96 /* GEUtils.h */ = {isa = PBXFileReference; fileEncoding = 4; lastKnownFileType = sourcecode.c.h; name = GEUtils.h; path = ../../GameEngine/GEUtils.h; sourceTree = "<group>"; };
		CEE82FC41667983F004FBB96 /* GEUtils.mm */ = {isa = PBXFileReference; fileEncoding = 4; lastKnownFileType = sourcecode.cpp.objcpp; name = GEUtils.mm; path = ../../GameEngine/GEUtils.mm; sourceTree = "<group>"; };
/* End PBXFileReference section */

/* Begin PBXFrameworksBuildPhase section */
		CEE82F6416679399004FBB96 /* Frameworks */ = {
			isa = PBXFrameworksBuildPhase;
			buildActionMask = 2147483647;
			files = (
				CEE82F9D166794B4004FBB96 /* AudioToolbox.framework in Frameworks */,
				CEE82F9B166794AA004FBB96 /* OpenAL.framework in Frameworks */,
				CEE82F98166794A2004FBB96 /* CoreAudio.framework in Frameworks */,
				CEE82F6C16679399004FBB96 /* UIKit.framework in Frameworks */,
				CEE82F6E16679399004FBB96 /* Foundation.framework in Frameworks */,
				CEE82F7016679399004FBB96 /* CoreGraphics.framework in Frameworks */,
				CEE82F7216679399004FBB96 /* GLKit.framework in Frameworks */,
				CEE82F7416679399004FBB96 /* OpenGLES.framework in Frameworks */,
			);
			runOnlyForDeploymentPostprocessing = 0;
		};
/* End PBXFrameworksBuildPhase section */

/* Begin PBXGroup section */
		CEA86F531685CD6F008C93C0 /* Shaders */ = {
			isa = PBXGroup;
			children = (
				69310D5016A8B666006C16F8 /* hud.vsh */,
				69310D4F16A8B666006C16F8 /* hud.fsh */,
				69310D6816A8BCA7006C16F8 /* mesh_texture.vsh */,
				69310D6716A8BCA7006C16F8 /* mesh_texture.fsh */,
			);
			name = Shaders;
			path = ../../GameEngine/shaders;
			sourceTree = "<group>";
		};
		CEE82F5C16679399004FBB96 = {
			isa = PBXGroup;
			children = (
				699B47781789418800F36BBF /* Default-568h@2x.png */,
				CEE82F7516679399004FBB96 /* Main */,
				CEE82FB0166797F7004FBB96 /* Game Engine */,
				CEE82FB1166797FD004FBB96 /* Scenes */,
				CEE82F9E166797AE004FBB96 /* Resources */,
				CEE82F6A16679399004FBB96 /* Frameworks */,
				CEE82F6816679399004FBB96 /* Products */,
			);
			sourceTree = "<group>";
		};
		CEE82F6816679399004FBB96 /* Products */ = {
			isa = PBXGroup;
			children = (
				CEE82F6716679399004FBB96 /* 03_Light.app */,
			);
			name = Products;
			sourceTree = "<group>";
		};
		CEE82F6A16679399004FBB96 /* Frameworks */ = {
			isa = PBXGroup;
			children = (
				CEE82F9C166794B4004FBB96 /* AudioToolbox.framework */,
				CEE82F9A166794AA004FBB96 /* OpenAL.framework */,
				CEE82F97166794A2004FBB96 /* CoreAudio.framework */,
				CEE82F6B16679399004FBB96 /* UIKit.framework */,
				CEE82F6D16679399004FBB96 /* Foundation.framework */,
				CEE82F6F16679399004FBB96 /* CoreGraphics.framework */,
				CEE82F7116679399004FBB96 /* GLKit.framework */,
				CEE82F7316679399004FBB96 /* OpenGLES.framework */,
			);
			name = Frameworks;
			sourceTree = "<group>";
		};
		CEE82F7516679399004FBB96 /* Main */ = {
			isa = PBXGroup;
			children = (
				CEC1A80816937F75006E3F90 /* config.h */,
				CEE82F7B16679399004FBB96 /* main.m */,
				CE25611A16682CFC00611968 /* AppDelegate.h */,
				CEE82F7F16679399004FBB96 /* AppDelegate.m */,
				CEE82F8B16679399004FBB96 /* ViewController.h */,
				CEE82F8C16679399004FBB96 /* ViewController.mm */,
				CEE82F8116679399004FBB96 /* iPhone.storyboard */,
				CEE82F8416679399004FBB96 /* iPad.storyboard */,
				CEE82F7616679399004FBB96 /* Supporting Files */,
			);
			path = Main;
			sourceTree = SOURCE_ROOT;
		};
		CEE82F7616679399004FBB96 /* Supporting Files */ = {
			isa = PBXGroup;
			children = (
				CEE82F7716679399004FBB96 /* 03_Light-Info.plist */,
				CEE82F7D16679399004FBB96 /* 03_Light-Prefix.pch */,
				CEE82F7816679399004FBB96 /* InfoPlist.strings */,
			);
			name = "Supporting Files";
			sourceTree = "<group>";
		};
		CEE82F9E166797AE004FBB96 /* Resources */ = {
			isa = PBXGroup;
			children = (
				CEA86F531685CD6F008C93C0 /* Shaders */,
				CEE82FA7166797E4004FBB96 /* Textures */,
				CEE82F9F166797B7004FBB96 /* Models */,
			);
			name = Resources;
			sourceTree = "<group>";
		};
		CEE82F9F166797B7004FBB96 /* Models */ = {
			isa = PBXGroup;
			children = (
				CEE82FA5166797DB004FBB96 /* banana.h */,
			);
			name = Models;
			sourceTree = "<group>";
		};
		CEE82FA7166797E4004FBB96 /* Textures */ = {
			isa = PBXGroup;
			children = (
				69310D9116A8CA8A006C16F8 /* bulb.png */,
				CEE82FA9166797EF004FBB96 /* banana.jpg */,
			);
			name = Textures;
			sourceTree = "<group>";
		};
		CEE82FB0166797F7004FBB96 /* Game Engine */ = {
			isa = PBXGroup;
			children = (
				CEE82FB91667983F004FBB96 /* GEAudio.h */,
				CEE82FBA1667983F004FBB96 /* GEAudio.mm */,
				CEE82FBB1667983F004FBB96 /* GEDevice.h */,
				CEE82FBC1667983F004FBB96 /* GEDevice.mm */,
				CEE82FBD1667983F004FBB96 /* GERendering.h */,
				CEE82FBE1667983F004FBB96 /* GERendering.mm */,
				CEE82FBF1667983F004FBB96 /* GERenderingObjects.h */,
				CEE82FC01667983F004FBB96 /* GERenderingObjects.mm */,
				CECE4713167C651800B9D86F /* GERenderingShaders.h */,
				CECE4714167C651800B9D86F /* GERenderingShaders.mm */,
				CEE82FC11667983F004FBB96 /* GEScene.h */,
				CEE82FC21667983F004FBB96 /* GEScene.mm */,
				CEE82FC31667983F004FBB96 /* GEUtils.h */,
				CEE82FC41667983F004FBB96 /* GEUtils.mm */,
			);
			name = "Game Engine";
			sourceTree = "<group>";
		};
		CEE82FB1166797FD004FBB96 /* Scenes */ = {
			isa = PBXGroup;
			children = (
				CEE82FB216679817004FBB96 /* SceneSample.h */,
				CEE82FB316679817004FBB96 /* SceneSample.mm */,
			);
			name = Scenes;
			sourceTree = "<group>";
		};
/* End PBXGroup section */

/* Begin PBXNativeTarget section */
		CEE82F6616679399004FBB96 /* 03_Light */ = {
			isa = PBXNativeTarget;
			buildConfigurationList = CEE82F9016679399004FBB96 /* Build configuration list for PBXNativeTarget "03_Light" */;
			buildPhases = (
				CEE82F6316679399004FBB96 /* Sources */,
				CEE82F6416679399004FBB96 /* Frameworks */,
				CEE82F6516679399004FBB96 /* Resources */,
				50524F424C454D533F /* ShellScript */,
			);
			buildRules = (
			);
			dependencies = (
			);
			name = 03_Light;
			productName = 01_Overview;
			productReference = CEE82F6716679399004FBB96 /* 03_Light.app */;
			productType = "com.apple.product-type.application";
		};
/* End PBXNativeTarget section */

/* Begin PBXProject section */
		CEE82F5E16679399004FBB96 /* Project object */ = {
			isa = PBXProject;
			attributes = {
				LastUpgradeCheck = 0460;
			};
			buildConfigurationList = CEE82F6116679399004FBB96 /* Build configuration list for PBXProject "03_Light" */;
			compatibilityVersion = "Xcode 3.2";
			developmentRegion = English;
			hasScannedForEncodings = 0;
			knownRegions = (
				en,
			);
			mainGroup = CEE82F5C16679399004FBB96;
			productRefGroup = CEE82F6816679399004FBB96 /* Products */;
			projectDirPath = "";
			projectRoot = "";
			targets = (
				CEE82F6616679399004FBB96 /* 03_Light */,
			);
		};
/* End PBXProject section */

/* Begin PBXResourcesBuildPhase section */
		CEE82F6516679399004FBB96 /* Resources */ = {
			isa = PBXResourcesBuildPhase;
			buildActionMask = 2147483647;
			files = (
				69310D6B16A8BCCB006C16F8 /* mesh_texture.vsh in Resources */,
				69310D6C16A8BCCB006C16F8 /* mesh_texture.fsh in Resources */,
				69310D5F16A8B6CC006C16F8 /* hud.vsh in Resources */,
				69310D6016A8B6CC006C16F8 /* hud.fsh in Resources */,
				CEE82F7A16679399004FBB96 /* InfoPlist.strings in Resources */,
				CEE82F8316679399004FBB96 /* iPhone.storyboard in Resources */,
				CEE82F8616679399004FBB96 /* iPad.storyboard in Resources */,
				CEE82FAD166797EF004FBB96 /* banana.jpg in Resources */,
				69310D9216A8CA8A006C16F8 /* bulb.png in Resources */,
				699B47791789418800F36BBF /* Default-568h@2x.png in Resources */,
			);
			runOnlyForDeploymentPostprocessing = 0;
		};
/* End PBXResourcesBuildPhase section */



/* Begin PBXSourcesBuildPhase section */
		CEE82F6316679399004FBB96 /* Sources */ = {
			isa = PBXSourcesBuildPhase;
			buildActionMask = 2147483647;
			files = (
				CEE82F7C16679399004FBB96 /* main.m in Sources */,
				CEE82F8016679399004FBB96 /* AppDelegate.m in Sources */,
				CEE82F8D16679399004FBB96 /* ViewController.mm in Sources */,
				CEE82FB416679817004FBB96 /* SceneSample.mm in Sources */,
				CEE82FC61667983F004FBB96 /* GEAudio.mm in Sources */,
				CEE82FC71667983F004FBB96 /* GEDevice.mm in Sources */,
				CEE82FC81667983F004FBB96 /* GERendering.mm in Sources */,
				CEE82FC91667983F004FBB96 /* GERenderingObjects.mm in Sources */,
				CEE82FCA1667983F004FBB96 /* GEScene.mm in Sources */,
				CEE82FCB1667983F004FBB96 /* GEUtils.mm in Sources */,
				CECE4715167C651800B9D86F /* GERenderingShaders.mm in Sources */,
			);
			runOnlyForDeploymentPostprocessing = 0;
		};
/* End PBXSourcesBuildPhase section */

/* Begin PBXVariantGroup section */
		CEE82F7816679399004FBB96 /* InfoPlist.strings */ = {
			isa = PBXVariantGroup;
			children = (
				CEE82F7916679399004FBB96 /* en */,
			);
			name = InfoPlist.strings;
			sourceTree = "<group>";
		};
		CEE82F8116679399004FBB96 /* iPhone.storyboard */ = {
			isa = PBXVariantGroup;
			children = (
				CEE82F8216679399004FBB96 /* en */,
			);
			name = iPhone.storyboard;
			sourceTree = "<group>";
		};
		CEE82F8416679399004FBB96 /* iPad.storyboard */ = {
			isa = PBXVariantGroup;
			children = (
				CEE82F8516679399004FBB96 /* en */,
			);
			name = iPad.storyboard;
			sourceTree = "<group>";
		};
/* End PBXVariantGroup section */

/* Begin XCBuildConfiguration section */
		CEE82F8E16679399004FBB96 /* Debug */ = {
			isa = XCBuildConfiguration;
			buildSettings = {
				ALWAYS_SEARCH_USER_PATHS = NO;
				ARCHS = "$(ARCHS_STANDARD_32_BIT)";
				CLANG_WARN_CONSTANT_CONVERSION = YES;
				CLANG_WARN_ENUM_CONVERSION = YES;
				CLANG_WARN_INT_CONVERSION = YES;
				CLANG_WARN__DUPLICATE_METHOD_MATCH = YES;
				"CODE_SIGN_IDENTITY[sdk=iphoneos*]" = "";
				COPY_PHASE_STRIP = NO;
				GCC_C_LANGUAGE_STANDARD = gnu99;
				GCC_DYNAMIC_NO_PIC = NO;
				GCC_OPTIMIZATION_LEVEL = 0;
				GCC_PREPROCESSOR_DEFINITIONS = (
					"DEBUG=1",
					"$(inherited)",
				);
				GCC_SYMBOLS_PRIVATE_EXTERN = NO;
				GCC_VERSION = com.apple.compilers.llvm.clang.1_0;
				GCC_WARN_ABOUT_RETURN_TYPE = YES;
				GCC_WARN_UNINITIALIZED_AUTOS = YES;
				GCC_WARN_UNUSED_VARIABLE = YES;
				IPHONEOS_DEPLOYMENT_TARGET = 5.1;
				SDKROOT = iphoneos;
				TARGETED_DEVICE_FAMILY = "1,2";
			};
			name = Debug;
		};
		CEE82F8F16679399004FBB96 /* Release */ = {
			isa = XCBuildConfiguration;
			buildSettings = {
				ALWAYS_SEARCH_USER_PATHS = NO;
				ARCHS = "$(ARCHS_STANDARD_32_BIT)";
				CLANG_WARN_CONSTANT_CONVERSION = YES;
				CLANG_WARN_ENUM_CONVERSION = YES;
				CLANG_WARN_INT_CONVERSION = YES;
				CLANG_WARN__DUPLICATE_METHOD_MATCH = YES;
				"CODE_SIGN_IDENTITY[sdk=iphoneos*]" = "";
				COPY_PHASE_STRIP = YES;
				GCC_C_LANGUAGE_STANDARD = gnu99;
				GCC_VERSION = com.apple.compilers.llvm.clang.1_0;
				GCC_WARN_ABOUT_RETURN_TYPE = YES;
				GCC_WARN_UNINITIALIZED_AUTOS = YES;
				GCC_WARN_UNUSED_VARIABLE = YES;
				IPHONEOS_DEPLOYMENT_TARGET = 5.1;
				OTHER_CFLAGS = "-DNS_BLOCK_ASSERTIONS=1";
				SDKROOT = iphoneos;
				TARGETED_DEVICE_FAMILY = "1,2";
				VALIDATE_PRODUCT = YES;
			};
			name = Release;
		};
		CEE82F9116679399004FBB96 /* Debug */ = {
			isa = XCBuildConfiguration;
			buildSettings = {
				GCC_PRECOMPILE_PREFIX_HEADER = YES;
				GCC_PREFIX_HEADER = "Main/03_Light-Prefix.pch";
				"GCC_THUMB_SUPPORT[arch=armv6]" = "";
				INFOPLIST_FILE = "Main/03_Light-Info.plist";
				PRODUCT_NAME = 03_Light;
				WRAPPER_EXTENSION = app;
			};
			name = Debug;
		};
		CEE82F9216679399004FBB96 /* Release */ = {
			isa = XCBuildConfiguration;
			buildSettings = {
				GCC_PRECOMPILE_PREFIX_HEADER = YES;
				GCC_PREFIX_HEADER = "Main/03_Light-Prefix.pch";
				"GCC_THUMB_SUPPORT[arch=armv6]" = "";
				INFOPLIST_FILE = "Main/03_Light-Info.plist";
				PRODUCT_NAME = 03_Light;
				WRAPPER_EXTENSION = app;
			};
			name = Release;
		};
/* End XCBuildConfiguration section */

/* Begin XCConfigurationList section */
		CEE82F6116679399004FBB96 /* Build configuration list for PBXProject "03_Light" */ = {
			isa = XCConfigurationList;
			buildConfigurations = (
				CEE82F8E16679399004FBB96 /* Debug */,
				CEE82F8F16679399004FBB96 /* Release */,
			);
			defaultConfigurationIsVisible = 0;
			defaultConfigurationName = Release;
		};
		CEE82F9016679399004FBB96 /* Build configuration list for PBXNativeTarget "03_Light" */ = {
			isa = XCConfigurationList;
			buildConfigurations = (
				CEE82F9116679399004FBB96 /* Debug */,
				CEE82F9216679399004FBB96 /* Release */,
			);
			defaultConfigurationIsVisible = 0;
			defaultConfigurationName = Release;
		};
/* End XCConfigurationList section */
	};
	rootObject = CEE82F5E16679399004FBB96 /* Project object */;
}
