// !$*UTF8*$!
{
	archiveVersion = 1;
	classes = {
	};
	objectVersion = 46;
	objects = {

/* Begin PBXBuildFile section */
		18313E3611CFBEB400C521F1 /* MainWindow-iPhone.xib in Resources */ = {isa = PBXBuildFile; fileRef = 18313E3411CFBEB400C521F1 /* MainWindow-iPhone.xib */; };
		1D60589F0D05DD5A006BFB54 /* Foundation.framework in Frameworks */ = {isa = PBXBuildFile; fileRef = 1D30AB110D05D00D00671497 /* Foundation.framework */; };
		1DF5F4E00D08C38300B7A737 /* UIKit.framework in Frameworks */ = {isa = PBXBuildFile; fileRef = 1DF5F4DF0D08C38300B7A737 /* UIKit.framework */; };
		28FD15000DC6FC520079059D /* OpenGLES.framework in Frameworks */ = {isa = PBXBuildFile; fileRef = 28FD14FF0DC6FC520079059D /* OpenGLES.framework */; };
		28FD15080DC6FC5B0079059D /* QuartzCore.framework in Frameworks */ = {isa = PBXBuildFile; fileRef = 28FD15070DC6FC5B0079059D /* QuartzCore.framework */; };
		694803EB152BAF8C001DCEA7 /* AudioToolbox.framework in Frameworks */ = {isa = PBXBuildFile; fileRef = 694803EA152BAF8C001DCEA7 /* AudioToolbox.framework */; };
		694803ED152BAF92001DCEA7 /* CoreAudio.framework in Frameworks */ = {isa = PBXBuildFile; fileRef = 694803EC152BAF92001DCEA7 /* CoreAudio.framework */; };
		69C516111557D57000E72A50 /* OpenAL.framework in Frameworks */ = {isa = PBXBuildFile; fileRef = 69C516101557D57000E72A50 /* OpenAL.framework */; };
		AF74CA570F8D8D1300A8C113 /* CoreGraphics.framework in Frameworks */ = {isa = PBXBuildFile; fileRef = AF74CA540F8D8D1300A8C113 /* CoreGraphics.framework */; };
		CE738C72162433520011F2C6 /* pianopedal_off.png in Resources */ = {isa = PBXBuildFile; fileRef = CE738C71162433520011F2C6 /* pianopedal_off.png */; };
		CE738C83162436410011F2C6 /* AppDelegate.mm in Sources */ = {isa = PBXBuildFile; fileRef = CE738C7F162436410011F2C6 /* AppDelegate.mm */; };
		CE738C84162436410011F2C6 /* EAGLView.mm in Sources */ = {isa = PBXBuildFile; fileRef = CE738C81162436410011F2C6 /* EAGLView.mm */; };
		CE738C85162436410011F2C6 /* main.m in Sources */ = {isa = PBXBuildFile; fileRef = CE738C82162436410011F2C6 /* main.m */; };
		CE738C8B1624366F0011F2C6 /* SceneSample.mm in Sources */ = {isa = PBXBuildFile; fileRef = CE738C891624366F0011F2C6 /* SceneSample.mm */; };
		CE738C8D16244A8E0011F2C6 /* score.piano.chopin2.txt in Resources */ = {isa = PBXBuildFile; fileRef = CE738C8C16244A8E0011F2C6 /* score.piano.chopin2.txt */; };
		CE85506D1624B80F00DDDBA6 /* pianokey_white_root.png in Resources */ = {isa = PBXBuildFile; fileRef = CE85506C1624B80F00DDDBA6 /* pianokey_white_root.png */; };
		CE85506F1624B81500DDDBA6 /* pianokey_black_root.png in Resources */ = {isa = PBXBuildFile; fileRef = CE85506E1624B81500DDDBA6 /* pianokey_black_root.png */; };
		CEA6EE401621C5F500C1512D /* audio.mm in Sources */ = {isa = PBXBuildFile; fileRef = CEA6EE3F1621C5F500C1512D /* audio.mm */; };
		CEA6EE581621C63500C1512D /* mxopenalsourcemanager.cpp in Sources */ = {isa = PBXBuildFile; fileRef = CEA6EE541621C63500C1512D /* mxopenalsourcemanager.cpp */; };
		CEA6EE711621C6A700C1512D /* Texture2D.m in Sources */ = {isa = PBXBuildFile; fileRef = CEA6EE661621C6A700C1512D /* Texture2D.m */; };
		CEA6EE731621C6A700C1512D /* GERendering.mm in Sources */ = {isa = PBXBuildFile; fileRef = CEA6EE6A1621C6A700C1512D /* GERendering.mm */; };
		CEA6EE741621C6A700C1512D /* GERenderingObjects.mm in Sources */ = {isa = PBXBuildFile; fileRef = CEA6EE6C1621C6A700C1512D /* GERenderingObjects.mm */; };
		CEA6EE751621C6A700C1512D /* GEScene.mm in Sources */ = {isa = PBXBuildFile; fileRef = CEA6EE6E1621C6A700C1512D /* GEScene.mm */; };
		CEA6EE761621C6A700C1512D /* GEUtils.mm in Sources */ = {isa = PBXBuildFile; fileRef = CEA6EE701621C6A700C1512D /* GEUtils.mm */; };
		CEA6EE7A1621C6CA00C1512D /* score.piano.chopin.txt in Resources */ = {isa = PBXBuildFile; fileRef = CEA6EE791621C6CA00C1512D /* score.piano.chopin.txt */; };
		CEAA8B52162623BF0087DD40 /* libModus.a in Frameworks */ = {isa = PBXBuildFile; fileRef = CEAA8B51162623BF0087DD40 /* libModus.a */; };
		CEAF4C6F16271AB000A3C31E /* padlock_closed.png in Resources */ = {isa = PBXBuildFile; fileRef = CEAF4C6D16271AB000A3C31E /* padlock_closed.png */; };
		CEAF4C7016271AB000A3C31E /* padlock_open.png in Resources */ = {isa = PBXBuildFile; fileRef = CEAF4C6E16271AB000A3C31E /* padlock_open.png */; };
		CEB43E7616237DA8005A5F4F /* note.png in Resources */ = {isa = PBXBuildFile; fileRef = CEB43E7516237DA8005A5F4F /* note.png */; };
		CEC4A1B116270DAC0017FDC1 /* PianoAAC.msp in Resources */ = {isa = PBXBuildFile; fileRef = CEC4A1B016270DAC0017FDC1 /* PianoAAC.msp */; };
		CEC52CB41626DF05001C7A25 /* mxsoundgenopenal.mm in Sources */ = {isa = PBXBuildFile; fileRef = CEC52CB31626DF05001C7A25 /* mxsoundgenopenal.mm */; };
		CED112B31622E6140015FAF4 /* pianokey_black.png in Resources */ = {isa = PBXBuildFile; fileRef = CED112B21622E6140015FAF4 /* pianokey_black.png */; };
		CED112B61622E61E0015FAF4 /* pianokey_white.png in Resources */ = {isa = PBXBuildFile; fileRef = CED112B51622E61E0015FAF4 /* pianokey_white.png */; };
		CED112BA1622F3710015FAF4 /* pianokey_press.png in Resources */ = {isa = PBXBuildFile; fileRef = CED112B91622F3710015FAF4 /* pianokey_press.png */; };
		CED112BE1622FAF90015FAF4 /* pianopedal_on.png in Resources */ = {isa = PBXBuildFile; fileRef = CED112BD1622FAF90015FAF4 /* pianopedal_on.png */; };
		CEDF89191620486100BF2F7A /* MainWindow-iPad.xib in Resources */ = {isa = PBXBuildFile; fileRef = CEDF89171620486100BF2F7A /* MainWindow-iPad.xib */; };
		CEF4E1A41624A5D500D6382E /* GEDevice.mm in Sources */ = {isa = PBXBuildFile; fileRef = CEF4E1A31624A5D500D6382E /* GEDevice.mm */; };
/* End PBXBuildFile section */

/* Begin PBXFileReference section */
		18313E3511CFBEB400C521F1 /* en */ = {isa = PBXFileReference; lastKnownFileType = file.xib; name = en; path = "en.lproj/MainWindow-iPhone.xib"; sourceTree = "<group>"; };
		1D30AB110D05D00D00671497 /* Foundation.framework */ = {isa = PBXFileReference; lastKnownFileType = wrapper.framework; name = Foundation.framework; path = System/Library/Frameworks/Foundation.framework; sourceTree = SDKROOT; };
		1D6058910D05DD3D006BFB54 /* 02_PlayPiano.app */ = {isa = PBXFileReference; explicitFileType = wrapper.application; includeInIndex = 0; path = 02_PlayPiano.app; sourceTree = BUILT_PRODUCTS_DIR; };
		1DF5F4DF0D08C38300B7A737 /* UIKit.framework */ = {isa = PBXFileReference; lastKnownFileType = wrapper.framework; name = UIKit.framework; path = System/Library/Frameworks/UIKit.framework; sourceTree = SDKROOT; };
		28FD14FF0DC6FC520079059D /* OpenGLES.framework */ = {isa = PBXFileReference; lastKnownFileType = wrapper.framework; name = OpenGLES.framework; path = System/Library/Frameworks/OpenGLES.framework; sourceTree = SDKROOT; };
		28FD15070DC6FC5B0079059D /* QuartzCore.framework */ = {isa = PBXFileReference; lastKnownFileType = wrapper.framework; name = QuartzCore.framework; path = System/Library/Frameworks/QuartzCore.framework; sourceTree = SDKROOT; };
		694803EA152BAF8C001DCEA7 /* AudioToolbox.framework */ = {isa = PBXFileReference; lastKnownFileType = wrapper.framework; name = AudioToolbox.framework; path = System/Library/Frameworks/AudioToolbox.framework; sourceTree = SDKROOT; };
		694803EC152BAF92001DCEA7 /* CoreAudio.framework */ = {isa = PBXFileReference; lastKnownFileType = wrapper.framework; name = CoreAudio.framework; path = System/Library/Frameworks/CoreAudio.framework; sourceTree = SDKROOT; };
		69C516101557D57000E72A50 /* OpenAL.framework */ = {isa = PBXFileReference; lastKnownFileType = wrapper.framework; name = OpenAL.framework; path = System/Library/Frameworks/OpenAL.framework; sourceTree = SDKROOT; };
		8D1107310486CEB800E47090 /* 02_PlayPiano-Info.plist */ = {isa = PBXFileReference; fileEncoding = 4; lastKnownFileType = text.plist.xml; path = "02_PlayPiano-Info.plist"; plistStructureDefinitionIdentifier = "com.apple.xcode.plist.structure-definition.iphone.info-plist"; sourceTree = "<group>"; };
		AF74CA540F8D8D1300A8C113 /* CoreGraphics.framework */ = {isa = PBXFileReference; lastKnownFileType = wrapper.framework; name = CoreGraphics.framework; path = System/Library/Frameworks/CoreGraphics.framework; sourceTree = SDKROOT; };
		CE738C71162433520011F2C6 /* pianopedal_off.png */ = {isa = PBXFileReference; lastKnownFileType = image.png; name = pianopedal_off.png; path = ../../common/images/pianopedal_off.png; sourceTree = "<group>"; };
		CE738C7E162436410011F2C6 /* AppDelegate.h */ = {isa = PBXFileReference; fileEncoding = 4; lastKnownFileType = sourcecode.c.h; name = AppDelegate.h; path = main/AppDelegate.h; sourceTree = SOURCE_ROOT; };
		CE738C7F162436410011F2C6 /* AppDelegate.mm */ = {isa = PBXFileReference; fileEncoding = 4; lastKnownFileType = sourcecode.cpp.objcpp; name = AppDelegate.mm; path = main/AppDelegate.mm; sourceTree = SOURCE_ROOT; };
		CE738C80162436410011F2C6 /* EAGLView.h */ = {isa = PBXFileReference; fileEncoding = 4; lastKnownFileType = sourcecode.c.h; name = EAGLView.h; path = main/EAGLView.h; sourceTree = SOURCE_ROOT; };
		CE738C81162436410011F2C6 /* EAGLView.mm */ = {isa = PBXFileReference; fileEncoding = 4; lastKnownFileType = sourcecode.cpp.objcpp; name = EAGLView.mm; path = main/EAGLView.mm; sourceTree = SOURCE_ROOT; };
		CE738C82162436410011F2C6 /* main.m */ = {isa = PBXFileReference; fileEncoding = 4; lastKnownFileType = sourcecode.c.objc; name = main.m; path = main/main.m; sourceTree = SOURCE_ROOT; };
		CE738C881624366F0011F2C6 /* SceneSample.h */ = {isa = PBXFileReference; fileEncoding = 4; lastKnownFileType = sourcecode.c.h; name = SceneSample.h; path = scenes/SceneSample.h; sourceTree = "<group>"; };
		CE738C891624366F0011F2C6 /* SceneSample.mm */ = {isa = PBXFileReference; fileEncoding = 4; lastKnownFileType = sourcecode.cpp.objcpp; name = SceneSample.mm; path = scenes/SceneSample.mm; sourceTree = "<group>"; };
		CE738C8C16244A8E0011F2C6 /* score.piano.chopin2.txt */ = {isa = PBXFileReference; fileEncoding = 4; lastKnownFileType = text; name = score.piano.chopin2.txt; path = ../../common/scripts/score.piano.chopin2.txt; sourceTree = "<group>"; };
		CE85506B1624B7FA00DDDBA6 /* 02_PlayPiano_Prefix.pch */ = {isa = PBXFileReference; fileEncoding = 4; lastKnownFileType = sourcecode.c.h; path = 02_PlayPiano_Prefix.pch; sourceTree = SOURCE_ROOT; };
		CE85506C1624B80F00DDDBA6 /* pianokey_white_root.png */ = {isa = PBXFileReference; lastKnownFileType = image.png; name = pianokey_white_root.png; path = ../../common/images/pianokey_white_root.png; sourceTree = "<group>"; };
		CE85506E1624B81500DDDBA6 /* pianokey_black_root.png */ = {isa = PBXFileReference; lastKnownFileType = image.png; name = pianokey_black_root.png; path = ../../common/images/pianokey_black_root.png; sourceTree = "<group>"; };
		CEA6EE3E1621C5F500C1512D /* audio.h */ = {isa = PBXFileReference; fileEncoding = 4; lastKnownFileType = sourcecode.c.h; name = audio.h; path = ../audio/audio.h; sourceTree = "<group>"; };
		CEA6EE3F1621C5F500C1512D /* audio.mm */ = {isa = PBXFileReference; fileEncoding = 4; lastKnownFileType = sourcecode.cpp.objcpp; name = audio.mm; path = ../audio/audio.mm; sourceTree = "<group>"; };
		CEA6EE411621C61200C1512D /* mband.h */ = {isa = PBXFileReference; fileEncoding = 4; lastKnownFileType = sourcecode.c.h; name = mband.h; path = ../../../include/mband.h; sourceTree = "<group>"; };
		CEA6EE421621C61200C1512D /* mchords.h */ = {isa = PBXFileReference; fileEncoding = 4; lastKnownFileType = sourcecode.c.h; name = mchords.h; path = ../../../include/mchords.h; sourceTree = "<group>"; };
		CEA6EE431621C61200C1512D /* mconstants.h */ = {isa = PBXFileReference; fileEncoding = 4; lastKnownFileType = sourcecode.c.h; name = mconstants.h; path = ../../../include/mconstants.h; sourceTree = "<group>"; };
		CEA6EE441621C61200C1512D /* mharmonypattern.h */ = {isa = PBXFileReference; fileEncoding = 4; lastKnownFileType = sourcecode.c.h; name = mharmonypattern.h; path = ../../../include/mharmonypattern.h; sourceTree = "<group>"; };
		CEA6EE451621C61200C1512D /* minstrument.h */ = {isa = PBXFileReference; fileEncoding = 4; lastKnownFileType = sourcecode.c.h; name = minstrument.h; path = ../../../include/minstrument.h; sourceTree = "<group>"; };
		CEA6EE461621C61200C1512D /* mlist.h */ = {isa = PBXFileReference; fileEncoding = 4; lastKnownFileType = sourcecode.c.h; name = mlist.h; path = ../../../include/mlist.h; sourceTree = "<group>"; };
		CEA6EE471621C61200C1512D /* mmidireceiver.h */ = {isa = PBXFileReference; fileEncoding = 4; lastKnownFileType = sourcecode.c.h; name = mmidireceiver.h; path = ../../../include/mmidireceiver.h; sourceTree = "<group>"; };
		CEA6EE481621C61200C1512D /* modus.h */ = {isa = PBXFileReference; fileEncoding = 4; lastKnownFileType = sourcecode.c.h; name = modus.h; path = ../../../include/modus.h; sourceTree = "<group>"; };
		CEA6EE491621C61200C1512D /* mscalepattern.h */ = {isa = PBXFileReference; fileEncoding = 4; lastKnownFileType = sourcecode.c.h; name = mscalepattern.h; path = ../../../include/mscalepattern.h; sourceTree = "<group>"; };
		CEA6EE4A1621C61200C1512D /* mscales.h */ = {isa = PBXFileReference; fileEncoding = 4; lastKnownFileType = sourcecode.c.h; name = mscales.h; path = ../../../include/mscales.h; sourceTree = "<group>"; };
		CEA6EE4B1621C61200C1512D /* mscore.h */ = {isa = PBXFileReference; fileEncoding = 4; lastKnownFileType = sourcecode.c.h; name = mscore.h; path = ../../../include/mscore.h; sourceTree = "<group>"; };
		CEA6EE4C1621C61200C1512D /* mscript.h */ = {isa = PBXFileReference; fileEncoding = 4; lastKnownFileType = sourcecode.c.h; name = mscript.h; path = ../../../include/mscript.h; sourceTree = "<group>"; };
		CEA6EE4D1621C61200C1512D /* msong.h */ = {isa = PBXFileReference; fileEncoding = 4; lastKnownFileType = sourcecode.c.h; name = msong.h; path = ../../../include/msong.h; sourceTree = "<group>"; };
		CEA6EE4E1621C61200C1512D /* msoundgen.h */ = {isa = PBXFileReference; fileEncoding = 4; lastKnownFileType = sourcecode.c.h; name = msoundgen.h; path = ../../../include/msoundgen.h; sourceTree = "<group>"; };
		CEA6EE4F1621C61200C1512D /* mtimer.h */ = {isa = PBXFileReference; fileEncoding = 4; lastKnownFileType = sourcecode.c.h; name = mtimer.h; path = ../../../include/mtimer.h; sourceTree = "<group>"; };
		CEA6EE501621C61200C1512D /* mtypes.h */ = {isa = PBXFileReference; fileEncoding = 4; lastKnownFileType = sourcecode.c.h; name = mtypes.h; path = ../../../include/mtypes.h; sourceTree = "<group>"; };
		CEA6EE511621C61200C1512D /* mutils.h */ = {isa = PBXFileReference; fileEncoding = 4; lastKnownFileType = sourcecode.c.h; name = mutils.h; path = ../../../include/mutils.h; sourceTree = "<group>"; };
		CEA6EE541621C63500C1512D /* mxopenalsourcemanager.cpp */ = {isa = PBXFileReference; fileEncoding = 4; lastKnownFileType = sourcecode.cpp.cpp; name = mxopenalsourcemanager.cpp; path = ../../../soundgen/OpenAL/mxopenalsourcemanager.cpp; sourceTree = "<group>"; };
		CEA6EE551621C63500C1512D /* mxopenalsourcemanager.h */ = {isa = PBXFileReference; fileEncoding = 4; lastKnownFileType = sourcecode.c.h; name = mxopenalsourcemanager.h; path = ../../../soundgen/OpenAL/mxopenalsourcemanager.h; sourceTree = "<group>"; };
		CEA6EE571621C63500C1512D /* mxsoundgenopenal.h */ = {isa = PBXFileReference; fileEncoding = 4; lastKnownFileType = sourcecode.c.h; name = mxsoundgenopenal.h; path = ../../../soundgen/OpenAL/mxsoundgenopenal.h; sourceTree = "<group>"; };
		CEA6EE651621C6A700C1512D /* Texture2D.h */ = {isa = PBXFileReference; fileEncoding = 4; lastKnownFileType = sourcecode.c.h; path = Texture2D.h; sourceTree = "<group>"; };
		CEA6EE661621C6A700C1512D /* Texture2D.m */ = {isa = PBXFileReference; fileEncoding = 4; lastKnownFileType = sourcecode.c.objc; path = Texture2D.m; sourceTree = "<group>"; };
		CEA6EE691621C6A700C1512D /* GERendering.h */ = {isa = PBXFileReference; fileEncoding = 4; lastKnownFileType = sourcecode.c.h; name = GERendering.h; path = ../rendering/GERendering.h; sourceTree = "<group>"; };
		CEA6EE6A1621C6A700C1512D /* GERendering.mm */ = {isa = PBXFileReference; fileEncoding = 4; lastKnownFileType = sourcecode.cpp.objcpp; name = GERendering.mm; path = ../rendering/GERendering.mm; sourceTree = "<group>"; };
		CEA6EE6B1621C6A700C1512D /* GERenderingObjects.h */ = {isa = PBXFileReference; fileEncoding = 4; lastKnownFileType = sourcecode.c.h; name = GERenderingObjects.h; path = ../rendering/GERenderingObjects.h; sourceTree = "<group>"; };
		CEA6EE6C1621C6A700C1512D /* GERenderingObjects.mm */ = {isa = PBXFileReference; fileEncoding = 4; lastKnownFileType = sourcecode.cpp.objcpp; name = GERenderingObjects.mm; path = ../rendering/GERenderingObjects.mm; sourceTree = "<group>"; };
		CEA6EE6D1621C6A700C1512D /* GEScene.h */ = {isa = PBXFileReference; fileEncoding = 4; lastKnownFileType = sourcecode.c.h; name = GEScene.h; path = ../rendering/GEScene.h; sourceTree = "<group>"; };
		CEA6EE6E1621C6A700C1512D /* GEScene.mm */ = {isa = PBXFileReference; fileEncoding = 4; lastKnownFileType = sourcecode.cpp.objcpp; name = GEScene.mm; path = ../rendering/GEScene.mm; sourceTree = "<group>"; };
		CEA6EE6F1621C6A700C1512D /* GEUtils.h */ = {isa = PBXFileReference; fileEncoding = 4; lastKnownFileType = sourcecode.c.h; name = GEUtils.h; path = ../rendering/GEUtils.h; sourceTree = "<group>"; };
		CEA6EE701621C6A700C1512D /* GEUtils.mm */ = {isa = PBXFileReference; fileEncoding = 4; lastKnownFileType = sourcecode.cpp.objcpp; name = GEUtils.mm; path = ../rendering/GEUtils.mm; sourceTree = "<group>"; };
		CEA6EE791621C6CA00C1512D /* score.piano.chopin.txt */ = {isa = PBXFileReference; fileEncoding = 4; lastKnownFileType = text; name = score.piano.chopin.txt; path = ../../common/scripts/score.piano.chopin.txt; sourceTree = "<group>"; };
		CEAA8B51162623BF0087DD40 /* libModus.a */ = {isa = PBXFileReference; lastKnownFileType = archive.ar; name = libModus.a; path = ../../../lib/iOS/libModus.a; sourceTree = "<group>"; };
		CEAF4C6D16271AB000A3C31E /* padlock_closed.png */ = {isa = PBXFileReference; lastKnownFileType = image.png; name = padlock_closed.png; path = ../../common/images/padlock_closed.png; sourceTree = "<group>"; };
		CEAF4C6E16271AB000A3C31E /* padlock_open.png */ = {isa = PBXFileReference; lastKnownFileType = image.png; name = padlock_open.png; path = ../../common/images/padlock_open.png; sourceTree = "<group>"; };
		CEB43E7516237DA8005A5F4F /* note.png */ = {isa = PBXFileReference; lastKnownFileType = image.png; name = note.png; path = ../../common/images/note.png; sourceTree = "<group>"; };
		CEC4A1B016270DAC0017FDC1 /* PianoAAC.msp */ = {isa = PBXFileReference; lastKnownFileType = file; name = PianoAAC.msp; path = ../../common/instruments/PianoAAC.msp; sourceTree = "<group>"; };
		CEC52CB31626DF05001C7A25 /* mxsoundgenopenal.mm */ = {isa = PBXFileReference; fileEncoding = 4; lastKnownFileType = sourcecode.cpp.objcpp; name = mxsoundgenopenal.mm; path = ../../../soundgen/OpenAL/mxsoundgenopenal.mm; sourceTree = "<group>"; };
		CED112B21622E6140015FAF4 /* pianokey_black.png */ = {isa = PBXFileReference; lastKnownFileType = image.png; name = pianokey_black.png; path = ../../common/images/pianokey_black.png; sourceTree = "<group>"; };
		CED112B51622E61E0015FAF4 /* pianokey_white.png */ = {isa = PBXFileReference; lastKnownFileType = image.png; name = pianokey_white.png; path = ../../common/images/pianokey_white.png; sourceTree = "<group>"; };
		CED112B91622F3710015FAF4 /* pianokey_press.png */ = {isa = PBXFileReference; lastKnownFileType = image.png; name = pianokey_press.png; path = ../../common/images/pianokey_press.png; sourceTree = "<group>"; };
		CED112BD1622FAF90015FAF4 /* pianopedal_on.png */ = {isa = PBXFileReference; lastKnownFileType = image.png; name = pianopedal_on.png; path = ../../common/images/pianopedal_on.png; sourceTree = "<group>"; };
		CEDF89181620486100BF2F7A /* en */ = {isa = PBXFileReference; lastKnownFileType = file.xib; name = en; path = "en.lproj/MainWindow-iPad.xib"; sourceTree = "<group>"; };
		CEF4E1A21624A5D500D6382E /* GEDevice.h */ = {isa = PBXFileReference; fileEncoding = 4; lastKnownFileType = sourcecode.c.h; name = GEDevice.h; path = ../rendering/GEDevice.h; sourceTree = "<group>"; };
		CEF4E1A31624A5D500D6382E /* GEDevice.mm */ = {isa = PBXFileReference; fileEncoding = 4; lastKnownFileType = sourcecode.cpp.objcpp; name = GEDevice.mm; path = ../rendering/GEDevice.mm; sourceTree = "<group>"; };
/* End PBXFileReference section */

/* Begin PBXFrameworksBuildPhase section */
		1D60588F0D05DD3D006BFB54 /* Frameworks */ = {
			isa = PBXFrameworksBuildPhase;
			buildActionMask = 2147483647;
			files = (
				694803ED152BAF92001DCEA7 /* CoreAudio.framework in Frameworks */,
				694803EB152BAF8C001DCEA7 /* AudioToolbox.framework in Frameworks */,
				1D60589F0D05DD5A006BFB54 /* Foundation.framework in Frameworks */,
				1DF5F4E00D08C38300B7A737 /* UIKit.framework in Frameworks */,
				28FD15000DC6FC520079059D /* OpenGLES.framework in Frameworks */,
				28FD15080DC6FC5B0079059D /* QuartzCore.framework in Frameworks */,
				AF74CA570F8D8D1300A8C113 /* CoreGraphics.framework in Frameworks */,
				69C516111557D57000E72A50 /* OpenAL.framework in Frameworks */,
				CEAA8B52162623BF0087DD40 /* libModus.a in Frameworks */,
			);
			runOnlyForDeploymentPostprocessing = 0;
		};
/* End PBXFrameworksBuildPhase section */

/* Begin PBXGroup section */
		080E96DDFE201D6D7F000001 /* Main */ = {
			isa = PBXGroup;
			children = (
				CE85506B1624B7FA00DDDBA6 /* 02_PlayPiano_Prefix.pch */,
				CE738C82162436410011F2C6 /* main.m */,
				CE738C7E162436410011F2C6 /* AppDelegate.h */,
				CE738C7F162436410011F2C6 /* AppDelegate.mm */,
				CE738C80162436410011F2C6 /* EAGLView.h */,
				CE738C81162436410011F2C6 /* EAGLView.mm */,
			);
			name = Main;
			path = Classes;
			sourceTree = "<group>";
		};
		19C28FACFE9D520D11CA2CBB /* Products */ = {
			isa = PBXGroup;
			children = (
				1D6058910D05DD3D006BFB54 /* 02_PlayPiano.app */,
			);
			name = Products;
			sourceTree = "<group>";
		};
		29B97314FDCFA39411CA2CEA /* CustomTemplate */ = {
			isa = PBXGroup;
			children = (
				080E96DDFE201D6D7F000001 /* Main */,
				CE72D9091621048000F35F9E /* OpenAL */,
				CE72D7F51620C88900F35F9E /* Scenes */,
				CEDF8916162047FD00BF2F7A /* Modus */,
				CEDF88FD1620460F00BF2F7A /* Rendering */,
				29B97317FDCFA39411CA2CEA /* Resources */,
				29B97323FDCFA39411CA2CEA /* Frameworks */,
				19C28FACFE9D520D11CA2CBB /* Products */,
			);
			name = CustomTemplate;
			sourceTree = "<group>";
		};
		29B97317FDCFA39411CA2CEA /* Resources */ = {
			isa = PBXGroup;
			children = (
				18313E3411CFBEB400C521F1 /* MainWindow-iPhone.xib */,
				CEDF89171620486100BF2F7A /* MainWindow-iPad.xib */,
				8D1107310486CEB800E47090 /* 02_PlayPiano-Info.plist */,
				CEDF88FC1620460200BF2F7A /* Instruments */,
				CE72D8CA1620D9C300F35F9E /* Scripts */,
				69B691681528023800C9D36D /* Sprites */,
			);
			name = Resources;
			sourceTree = "<group>";
		};
		29B97323FDCFA39411CA2CEA /* Frameworks */ = {
			isa = PBXGroup;
			children = (
				69C516101557D57000E72A50 /* OpenAL.framework */,
				694803EC152BAF92001DCEA7 /* CoreAudio.framework */,
				694803EA152BAF8C001DCEA7 /* AudioToolbox.framework */,
				AF74CA540F8D8D1300A8C113 /* CoreGraphics.framework */,
				28FD15070DC6FC5B0079059D /* QuartzCore.framework */,
				28FD14FF0DC6FC520079059D /* OpenGLES.framework */,
				1DF5F4DF0D08C38300B7A737 /* UIKit.framework */,
				1D30AB110D05D00D00671497 /* Foundation.framework */,
			);
			name = Frameworks;
			sourceTree = "<group>";
		};
		69B691681528023800C9D36D /* Sprites */ = {
			isa = PBXGroup;
			children = (
				CEB43E7516237DA8005A5F4F /* note.png */,
				CED112B51622E61E0015FAF4 /* pianokey_white.png */,
				CED112B21622E6140015FAF4 /* pianokey_black.png */,
				CE85506C1624B80F00DDDBA6 /* pianokey_white_root.png */,
				CE85506E1624B81500DDDBA6 /* pianokey_black_root.png */,
				CED112B91622F3710015FAF4 /* pianokey_press.png */,
				CE738C71162433520011F2C6 /* pianopedal_off.png */,
				CED112BD1622FAF90015FAF4 /* pianopedal_on.png */,
				CEAF4C6E16271AB000A3C31E /* padlock_open.png */,
				CEAF4C6D16271AB000A3C31E /* padlock_closed.png */,
			);
			name = Sprites;
			sourceTree = "<group>";
		};
		CE72D7F51620C88900F35F9E /* Scenes */ = {
			isa = PBXGroup;
			children = (
				CE738C881624366F0011F2C6 /* SceneSample.h */,
				CE738C891624366F0011F2C6 /* SceneSample.mm */,
			);
			name = Scenes;
			sourceTree = "<group>";
		};
		CE72D8CA1620D9C300F35F9E /* Scripts */ = {
			isa = PBXGroup;
			children = (
				CEA6EE791621C6CA00C1512D /* score.piano.chopin.txt */,
				CE738C8C16244A8E0011F2C6 /* score.piano.chopin2.txt */,
			);
			name = Scripts;
			sourceTree = "<group>";
		};
		CE72D9091621048000F35F9E /* OpenAL */ = {
			isa = PBXGroup;
			children = (
				CEA6EE3E1621C5F500C1512D /* audio.h */,
				CEA6EE3F1621C5F500C1512D /* audio.mm */,
			);
			name = OpenAL;
			sourceTree = "<group>";
		};
		CEA6EE641621C6A700C1512D /* externals */ = {
			isa = PBXGroup;
			children = (
				CEA6EE651621C6A700C1512D /* Texture2D.h */,
				CEA6EE661621C6A700C1512D /* Texture2D.m */,
			);
			name = externals;
			path = ../rendering/externals;
			sourceTree = "<group>";
		};
		CEDF88FC1620460200BF2F7A /* Instruments */ = {
			isa = PBXGroup;
			children = (
				CEC4A1B016270DAC0017FDC1 /* PianoAAC.msp */,
			);
			name = Instruments;
			sourceTree = "<group>";
		};
		CEDF88FD1620460F00BF2F7A /* Rendering */ = {
			isa = PBXGroup;
			children = (
				CEA6EE641621C6A700C1512D /* externals */,
				CEF4E1A21624A5D500D6382E /* GEDevice.h */,
				CEF4E1A31624A5D500D6382E /* GEDevice.mm */,
				CEA6EE691621C6A700C1512D /* GERendering.h */,
				CEA6EE6A1621C6A700C1512D /* GERendering.mm */,
				CEA6EE6B1621C6A700C1512D /* GERenderingObjects.h */,
				CEA6EE6C1621C6A700C1512D /* GERenderingObjects.mm */,
				CEA6EE6D1621C6A700C1512D /* GEScene.h */,
				CEA6EE6E1621C6A700C1512D /* GEScene.mm */,
				CEA6EE6F1621C6A700C1512D /* GEUtils.h */,
				CEA6EE701621C6A700C1512D /* GEUtils.mm */,
			);
			name = Rendering;
			sourceTree = "<group>";
		};
		CEDF8916162047FD00BF2F7A /* Modus */ = {
			isa = PBXGroup;
			children = (
				CEDF892016204A0B00BF2F7A /* include */,
				CEDF891E16204A0500BF2F7A /* lib */,
				CEDF892116204A1100BF2F7A /* soundgen */,
			);
			name = Modus;
			sourceTree = "<group>";
		};
		CEDF891E16204A0500BF2F7A /* lib */ = {
			isa = PBXGroup;
			children = (
				CEAA8B51162623BF0087DD40 /* libModus.a */,
			);
			name = lib;
			sourceTree = "<group>";
		};
		CEDF892016204A0B00BF2F7A /* include */ = {
			isa = PBXGroup;
			children = (
				CEA6EE411621C61200C1512D /* mband.h */,
				CEA6EE421621C61200C1512D /* mchords.h */,
				CEA6EE431621C61200C1512D /* mconstants.h */,
				CEA6EE441621C61200C1512D /* mharmonypattern.h */,
				CEA6EE451621C61200C1512D /* minstrument.h */,
				CEA6EE461621C61200C1512D /* mlist.h */,
				CEA6EE471621C61200C1512D /* mmidireceiver.h */,
				CEA6EE481621C61200C1512D /* modus.h */,
				CEA6EE491621C61200C1512D /* mscalepattern.h */,
				CEA6EE4A1621C61200C1512D /* mscales.h */,
				CEA6EE4B1621C61200C1512D /* mscore.h */,
				CEA6EE4C1621C61200C1512D /* mscript.h */,
				CEA6EE4D1621C61200C1512D /* msong.h */,
				CEA6EE4E1621C61200C1512D /* msoundgen.h */,
				CEA6EE4F1621C61200C1512D /* mtimer.h */,
				CEA6EE501621C61200C1512D /* mtypes.h */,
				CEA6EE511621C61200C1512D /* mutils.h */,
			);
			name = include;
			sourceTree = "<group>";
		};
		CEDF892116204A1100BF2F7A /* soundgen */ = {
			isa = PBXGroup;
			children = (
				CEA6EE551621C63500C1512D /* mxopenalsourcemanager.h */,
				CEA6EE541621C63500C1512D /* mxopenalsourcemanager.cpp */,
				CEA6EE571621C63500C1512D /* mxsoundgenopenal.h */,
				CEC52CB31626DF05001C7A25 /* mxsoundgenopenal.mm */,
			);
			name = soundgen;
			sourceTree = "<group>";
		};
/* End PBXGroup section */

/* Begin PBXNativeTarget section */
		1D6058900D05DD3D006BFB54 /* 02_PlayPiano */ = {
			isa = PBXNativeTarget;
			buildConfigurationList = 1D6058960D05DD3E006BFB54 /* Build configuration list for PBXNativeTarget "02_PlayPiano" */;
			buildPhases = (
				1D60588D0D05DD3D006BFB54 /* Resources */,
				1D60588E0D05DD3D006BFB54 /* Sources */,
				1D60588F0D05DD3D006BFB54 /* Frameworks */,
				50524F424C454D533F /* ShellScript */,
			);
			buildRules = (
			);
			dependencies = (
			);
			name = 02_PlayPiano;
			productName = MusicCube;
			productReference = 1D6058910D05DD3D006BFB54 /* 02_PlayPiano.app */;
			productType = "com.apple.product-type.application";
		};
/* End PBXNativeTarget section */

/* Begin PBXProject section */
		29B97313FDCFA39411CA2CEA /* Project object */ = {
			isa = PBXProject;
			attributes = {
				LastUpgradeCheck = 0420;
			};
			buildConfigurationList = C01FCF4E08A954540054247B /* Build configuration list for PBXProject "02_PlayPiano" */;
			compatibilityVersion = "Xcode 3.2";
			developmentRegion = English;
			hasScannedForEncodings = 1;
			knownRegions = (
				English,
				Japanese,
				French,
				German,
				en,
			);
			mainGroup = 29B97314FDCFA39411CA2CEA /* CustomTemplate */;
			projectDirPath = "";
			projectRoot = "";
			targets = (
				1D6058900D05DD3D006BFB54 /* 02_PlayPiano */,
			);
		};
/* End PBXProject section */

/* Begin PBXResourcesBuildPhase section */
		1D60588D0D05DD3D006BFB54 /* Resources */ = {
			isa = PBXResourcesBuildPhase;
			buildActionMask = 2147483647;
			files = (
				18313E3611CFBEB400C521F1 /* MainWindow-iPhone.xib in Resources */,
				CEDF89191620486100BF2F7A /* MainWindow-iPad.xib in Resources */,
				CEA6EE7A1621C6CA00C1512D /* score.piano.chopin.txt in Resources */,
				CED112B31622E6140015FAF4 /* pianokey_black.png in Resources */,
				CED112B61622E61E0015FAF4 /* pianokey_white.png in Resources */,
				CED112BA1622F3710015FAF4 /* pianokey_press.png in Resources */,
				CED112BE1622FAF90015FAF4 /* pianopedal_on.png in Resources */,
				CEB43E7616237DA8005A5F4F /* note.png in Resources */,
				CE738C72162433520011F2C6 /* pianopedal_off.png in Resources */,
				CE738C8D16244A8E0011F2C6 /* score.piano.chopin2.txt in Resources */,
				CE85506D1624B80F00DDDBA6 /* pianokey_white_root.png in Resources */,
				CE85506F1624B81500DDDBA6 /* pianokey_black_root.png in Resources */,
				CEC4A1B116270DAC0017FDC1 /* PianoAAC.msp in Resources */,
				CEAF4C6F16271AB000A3C31E /* padlock_closed.png in Resources */,
				CEAF4C7016271AB000A3C31E /* padlock_open.png in Resources */,
			);
			runOnlyForDeploymentPostprocessing = 0;
		};
/* End PBXResourcesBuildPhase section */






/* Begin PBXSourcesBuildPhase section */
		1D60588E0D05DD3D006BFB54 /* Sources */ = {
			isa = PBXSourcesBuildPhase;
			buildActionMask = 2147483647;
			files = (
				CEA6EE401621C5F500C1512D /* audio.mm in Sources */,
				CEA6EE581621C63500C1512D /* mxopenalsourcemanager.cpp in Sources */,
				CEA6EE711621C6A700C1512D /* Texture2D.m in Sources */,
				CEA6EE731621C6A700C1512D /* GERendering.mm in Sources */,
				CEA6EE741621C6A700C1512D /* GERenderingObjects.mm in Sources */,
				CEA6EE751621C6A700C1512D /* GEScene.mm in Sources */,
				CEA6EE761621C6A700C1512D /* GEUtils.mm in Sources */,
				CE738C83162436410011F2C6 /* AppDelegate.mm in Sources */,
				CE738C84162436410011F2C6 /* EAGLView.mm in Sources */,
				CE738C85162436410011F2C6 /* main.m in Sources */,
				CE738C8B1624366F0011F2C6 /* SceneSample.mm in Sources */,
				CEF4E1A41624A5D500D6382E /* GEDevice.mm in Sources */,
				CEC52CB41626DF05001C7A25 /* mxsoundgenopenal.mm in Sources */,
			);
			runOnlyForDeploymentPostprocessing = 0;
		};
/* End PBXSourcesBuildPhase section */

/* Begin PBXVariantGroup section */
		18313E3411CFBEB400C521F1 /* MainWindow-iPhone.xib */ = {
			isa = PBXVariantGroup;
			children = (
				18313E3511CFBEB400C521F1 /* en */,
			);
			name = "MainWindow-iPhone.xib";
			sourceTree = "<group>";
		};
		CEDF89171620486100BF2F7A /* MainWindow-iPad.xib */ = {
			isa = PBXVariantGroup;
			children = (
				CEDF89181620486100BF2F7A /* en */,
			);
			name = "MainWindow-iPad.xib";
			sourceTree = "<group>";
		};
/* End PBXVariantGroup section */

/* Begin XCBuildConfiguration section */
		1D6058940D05DD3E006BFB54 /* Debug */ = {
			isa = XCBuildConfiguration;
			buildSettings = {
				ALWAYS_SEARCH_USER_PATHS = NO;
				COPY_PHASE_STRIP = NO;
				GCC_DYNAMIC_NO_PIC = NO;
				GCC_OPTIMIZATION_LEVEL = 0;
				GCC_PRECOMPILE_PREFIX_HEADER = YES;
				GCC_PREFIX_HEADER = 02_PlayPiano_Prefix.pch;
				"GCC_THUMB_SUPPORT[arch=armv6]" = "";
				HEADER_SEARCH_PATHS = "";
				INFOPLIST_FILE = "02_PlayPiano-Info.plist";
				IPHONEOS_DEPLOYMENT_TARGET = 5.1;
				LIBRARY_SEARCH_PATHS = (
					"$(inherited)",
					"\"$(SRCROOT)/../../../lib/iOS\"",
					"\"$(SRCROOT)/../../../soundgen/externals/OggVorbis/lib.ios\"",
				);
				ONLY_ACTIVE_ARCH = YES;
				PRODUCT_NAME = 02_PlayPiano;
				TARGETED_DEVICE_FAMILY = "1,2";
				USER_HEADER_SEARCH_PATHS = "$(inherited) \"$(SRCROOT)/../../soundgen/externals\" \"$(SRCROOT)/../../soundgen/OggVorbis\"";
				VALID_ARCHS = "armv6 armv7";
			};
			name = Debug;
		};
		1D6058950D05DD3E006BFB54 /* Release */ = {
			isa = XCBuildConfiguration;
			buildSettings = {
				ALWAYS_SEARCH_USER_PATHS = NO;
				COPY_PHASE_STRIP = YES;
				GCC_PRECOMPILE_PREFIX_HEADER = YES;
				GCC_PREFIX_HEADER = 02_PlayPiano_Prefix.pch;
				"GCC_THUMB_SUPPORT[arch=armv6]" = "";
				HEADER_SEARCH_PATHS = "";
				INFOPLIST_FILE = "02_PlayPiano-Info.plist";
				IPHONEOS_DEPLOYMENT_TARGET = 5.1;
				LIBRARY_SEARCH_PATHS = (
					"$(inherited)",
					"\"$(SRCROOT)/../../../lib/iOS\"",
					"\"$(SRCROOT)/../../../soundgen/externals/OggVorbis/lib.ios\"",
				);
				ONLY_ACTIVE_ARCH = NO;
				PRODUCT_NAME = 02_PlayPiano;
				TARGETED_DEVICE_FAMILY = "1,2";
				USER_HEADER_SEARCH_PATHS = "$(inherited) \"$(SRCROOT)/../../soundgen/externals\" \"$(SRCROOT)/../../soundgen/OggVorbis\"";
				VALID_ARCHS = "armv6 armv7";
			};
			name = Release;
		};
		C01FCF4F08A954540054247B /* Debug */ = {
			isa = XCBuildConfiguration;
			buildSettings = {
				ARCHS = "$(ARCHS_STANDARD_32_BIT)";
				"CODE_SIGN_IDENTITY[sdk=iphoneos*]" = "";
				GCC_C_LANGUAGE_STANDARD = c99;
				GCC_WARN_ABOUT_RETURN_TYPE = YES;
				GCC_WARN_UNUSED_VARIABLE = YES;
				IPHONEOS_DEPLOYMENT_TARGET = 4.0;
				ONLY_ACTIVE_ARCH = YES;
				SDKROOT = iphoneos;
			};
			name = Debug;
		};
		C01FCF5008A954540054247B /* Release */ = {
			isa = XCBuildConfiguration;
			buildSettings = {
				ARCHS = "$(ARCHS_STANDARD_32_BIT)";
				"CODE_SIGN_IDENTITY[sdk=iphoneos*]" = "";
				GCC_C_LANGUAGE_STANDARD = c99;
				GCC_WARN_ABOUT_RETURN_TYPE = YES;
				GCC_WARN_UNUSED_VARIABLE = YES;
				IPHONEOS_DEPLOYMENT_TARGET = 4.0;
				SDKROOT = iphoneos;
			};
			name = Release;
		};
/* End XCBuildConfiguration section */

/* Begin XCConfigurationList section */
		1D6058960D05DD3E006BFB54 /* Build configuration list for PBXNativeTarget "02_PlayPiano" */ = {
			isa = XCConfigurationList;
			buildConfigurations = (
				1D6058940D05DD3E006BFB54 /* Debug */,
				1D6058950D05DD3E006BFB54 /* Release */,
			);
			defaultConfigurationIsVisible = 0;
			defaultConfigurationName = Release;
		};
		C01FCF4E08A954540054247B /* Build configuration list for PBXProject "02_PlayPiano" */ = {
			isa = XCConfigurationList;
			buildConfigurations = (
				C01FCF4F08A954540054247B /* Debug */,
				C01FCF5008A954540054247B /* Release */,
			);
			defaultConfigurationIsVisible = 0;
			defaultConfigurationName = Release;
		};
/* End XCConfigurationList section */
	};
	rootObject = 29B97313FDCFA39411CA2CEA /* Project object */;
}
