// !$*UTF8*$!
{
	archiveVersion = 1;
	classes = {
	};
	objectVersion = 46;
	objects = {

/* Begin PBXBuildFile section */
		693935C216A972B20061C256 /* banana.pvrtc in Resources */ = {isa = PBXBuildFile; fileRef = 693935C116A972B20061C256 /* banana.pvrtc */; };
		CE7600861875EA51006E4B92 /* GEAudio.cpp in Sources */ = {isa = PBXBuildFile; fileRef = CE7600521875EA51006E4B92 /* GEAudio.cpp */; };
		CE7600871875EA51006E4B92 /* GEAudioOpenAL.mm in Sources */ = {isa = PBXBuildFile; fileRef = CE7600561875EA51006E4B92 /* GEAudioOpenAL.mm */; };
		CE7600891875EA51006E4B92 /* GEUtils.cpp in Sources */ = {isa = PBXBuildFile; fileRef = CE76005C1875EA51006E4B92 /* GEUtils.cpp */; };
		CE76008A1875EA51006E4B92 /* GEDevice.mm in Sources */ = {isa = PBXBuildFile; fileRef = CE7600601875EA51006E4B92 /* GEDevice.mm */; };
		CE76008F1875EA51006E4B92 /* GEGraphicsDevice.cpp in Sources */ = {isa = PBXBuildFile; fileRef = CE76006C1875EA51006E4B92 /* GEGraphicsDevice.cpp */; };
		CE7600901875EA51006E4B92 /* GERendering.cpp in Sources */ = {isa = PBXBuildFile; fileRef = CE76006E1875EA51006E4B92 /* GERendering.cpp */; };
		CE7600911875EA51006E4B92 /* GERenderingObjects.cpp in Sources */ = {isa = PBXBuildFile; fileRef = CE7600701875EA51006E4B92 /* GERenderingObjects.cpp */; };
		CE7600921875EA51006E4B92 /* GERenderingES20.mm in Sources */ = {isa = PBXBuildFile; fileRef = CE7600741875EA51006E4B92 /* GERenderingES20.mm */; };
		CE7600931875EA51006E4B92 /* GERenderingObjectsES20.mm in Sources */ = {isa = PBXBuildFile; fileRef = CE7600761875EA51006E4B92 /* GERenderingObjectsES20.mm */; };
		CE7600941875EA51006E4B92 /* GERenderingShadersES20.mm in Sources */ = {isa = PBXBuildFile; fileRef = CE7600781875EA51006E4B92 /* GERenderingShadersES20.mm */; };
		CE76009D1875EA51006E4B92 /* GEScene.cpp in Sources */ = {isa = PBXBuildFile; fileRef = CE7600831875EA51006E4B92 /* GEScene.cpp */; };
		CEE0D4101874FE670055FA21 /* Default-568h@2x.png in Resources */ = {isa = PBXBuildFile; fileRef = CEE0D40F1874FE670055FA21 /* Default-568h@2x.png */; };
		CEE0D42A187500390055FA21 /* AppDelegate.m in Sources */ = {isa = PBXBuildFile; fileRef = CEE0D426187500390055FA21 /* AppDelegate.m */; };
		CEE0D42B187500390055FA21 /* iPad.storyboard in Resources */ = {isa = PBXBuildFile; fileRef = CEE0D427187500390055FA21 /* iPad.storyboard */; };
		CEE0D42C187500390055FA21 /* iPhone.storyboard in Resources */ = {isa = PBXBuildFile; fileRef = CEE0D428187500390055FA21 /* iPhone.storyboard */; };
		CEE0D42D187500390055FA21 /* main.m in Sources */ = {isa = PBXBuildFile; fileRef = CEE0D429187500390055FA21 /* main.m */; };
		CEE0D4A4187513AB0055FA21 /* hud.fsh in Resources */ = {isa = PBXBuildFile; fileRef = CEE0D4941875139D0055FA21 /* hud.fsh */; };
		CEE0D4A5187513AB0055FA21 /* hud.vsh in Resources */ = {isa = PBXBuildFile; fileRef = CEE0D4951875139D0055FA21 /* hud.vsh */; };
		CEE0D4A6187513AB0055FA21 /* mesh_color.fsh in Resources */ = {isa = PBXBuildFile; fileRef = CEE0D4961875139D0055FA21 /* mesh_color.fsh */; };
		CEE0D4A7187513AB0055FA21 /* mesh_color.vsh in Resources */ = {isa = PBXBuildFile; fileRef = CEE0D4971875139D0055FA21 /* mesh_color.vsh */; };
		CEE0D4A8187513AB0055FA21 /* mesh_texture.fsh in Resources */ = {isa = PBXBuildFile; fileRef = CEE0D4981875139D0055FA21 /* mesh_texture.fsh */; };
		CEE0D4A9187513AB0055FA21 /* mesh_texture.vsh in Resources */ = {isa = PBXBuildFile; fileRef = CEE0D4991875139D0055FA21 /* mesh_texture.vsh */; };
		CEE0D4AA187513AB0055FA21 /* text.fsh in Resources */ = {isa = PBXBuildFile; fileRef = CEE0D49A1875139D0055FA21 /* text.fsh */; };
		CEE0D4AB187513AB0055FA21 /* text.vsh in Resources */ = {isa = PBXBuildFile; fileRef = CEE0D49B1875139D0055FA21 /* text.vsh */; };
		CEE82F6C16679399004FBB96 /* UIKit.framework in Frameworks */ = {isa = PBXBuildFile; fileRef = CEE82F6B16679399004FBB96 /* UIKit.framework */; };
		CEE82F6E16679399004FBB96 /* Foundation.framework in Frameworks */ = {isa = PBXBuildFile; fileRef = CEE82F6D16679399004FBB96 /* Foundation.framework */; };
		CEE82F7016679399004FBB96 /* CoreGraphics.framework in Frameworks */ = {isa = PBXBuildFile; fileRef = CEE82F6F16679399004FBB96 /* CoreGraphics.framework */; };
		CEE82F7216679399004FBB96 /* GLKit.framework in Frameworks */ = {isa = PBXBuildFile; fileRef = CEE82F7116679399004FBB96 /* GLKit.framework */; };
		CEE82F7416679399004FBB96 /* OpenGLES.framework in Frameworks */ = {isa = PBXBuildFile; fileRef = CEE82F7316679399004FBB96 /* OpenGLES.framework */; };
		CEE82F7A16679399004FBB96 /* InfoPlist.strings in Resources */ = {isa = PBXBuildFile; fileRef = CEE82F7816679399004FBB96 /* InfoPlist.strings */; };
		CEE82F8D16679399004FBB96 /* ViewController.mm in Sources */ = {isa = PBXBuildFile; fileRef = CEE82F8C16679399004FBB96 /* ViewController.mm */; };
		CEE82F98166794A2004FBB96 /* CoreAudio.framework in Frameworks */ = {isa = PBXBuildFile; fileRef = CEE82F97166794A2004FBB96 /* CoreAudio.framework */; };
		CEE82F9B166794AA004FBB96 /* OpenAL.framework in Frameworks */ = {isa = PBXBuildFile; fileRef = CEE82F9A166794AA004FBB96 /* OpenAL.framework */; };
		CEE82F9D166794B4004FBB96 /* AudioToolbox.framework in Frameworks */ = {isa = PBXBuildFile; fileRef = CEE82F9C166794B4004FBB96 /* AudioToolbox.framework */; };
		CEE82FA3166797D1004FBB96 /* song.caf in Resources */ = {isa = PBXBuildFile; fileRef = CEE82FA1166797D1004FBB96 /* song.caf */; };
		CEE82FA4166797D1004FBB96 /* touch.wav in Resources */ = {isa = PBXBuildFile; fileRef = CEE82FA2166797D1004FBB96 /* touch.wav */; };
		CEE82FAC166797EF004FBB96 /* background.jpg in Resources */ = {isa = PBXBuildFile; fileRef = CEE82FA8166797EF004FBB96 /* background.jpg */; };
		CEE82FAE166797EF004FBB96 /* basketball.png in Resources */ = {isa = PBXBuildFile; fileRef = CEE82FAA166797EF004FBB96 /* basketball.png */; };
		CEE82FAF166797EF004FBB96 /* info.png in Resources */ = {isa = PBXBuildFile; fileRef = CEE82FAB166797EF004FBB96 /* info.png */; };
		CEE82FB416679817004FBB96 /* SceneSample.mm in Sources */ = {isa = PBXBuildFile; fileRef = CEE82FB316679817004FBB96 /* SceneSample.mm */; };
/* End PBXBuildFile section */

/* Begin PBXFileReference section */
		693935C116A972B20061C256 /* banana.pvrtc */ = {isa = PBXFileReference; lastKnownFileType = file; name = banana.pvrtc; path = Resources/Textures/banana.pvrtc; sourceTree = "<group>"; };
		CE7600521875EA51006E4B92 /* GEAudio.cpp */ = {isa = PBXFileReference; fileEncoding = 4; lastKnownFileType = sourcecode.cpp.cpp; path = GEAudio.cpp; sourceTree = "<group>"; };
		CE7600531875EA51006E4B92 /* GEAudio.h */ = {isa = PBXFileReference; fileEncoding = 4; lastKnownFileType = sourcecode.c.h; path = GEAudio.h; sourceTree = "<group>"; };
		CE7600551875EA51006E4B92 /* GEAudioOpenAL.h */ = {isa = PBXFileReference; fileEncoding = 4; lastKnownFileType = sourcecode.c.h; path = GEAudioOpenAL.h; sourceTree = "<group>"; };
		CE7600561875EA51006E4B92 /* GEAudioOpenAL.mm */ = {isa = PBXFileReference; fileEncoding = 4; lastKnownFileType = sourcecode.cpp.objcpp; path = GEAudioOpenAL.mm; sourceTree = "<group>"; };
		CE7600581875EA51006E4B92 /* GEConstants.h */ = {isa = PBXFileReference; fileEncoding = 4; lastKnownFileType = sourcecode.c.h; path = GEConstants.h; sourceTree = "<group>"; };
		CE76005B1875EA51006E4B92 /* GETypes.h */ = {isa = PBXFileReference; fileEncoding = 4; lastKnownFileType = sourcecode.c.h; path = GETypes.h; sourceTree = "<group>"; };
		CE76005C1875EA51006E4B92 /* GEUtils.cpp */ = {isa = PBXFileReference; fileEncoding = 4; lastKnownFileType = sourcecode.cpp.cpp; path = GEUtils.cpp; sourceTree = "<group>"; };
		CE76005D1875EA51006E4B92 /* GEUtils.h */ = {isa = PBXFileReference; fileEncoding = 4; lastKnownFileType = sourcecode.c.h; path = GEUtils.h; sourceTree = "<group>"; };
		CE76005F1875EA51006E4B92 /* GEDevice.h */ = {isa = PBXFileReference; fileEncoding = 4; lastKnownFileType = sourcecode.c.h; path = GEDevice.h; sourceTree = "<group>"; };
		CE7600601875EA51006E4B92 /* GEDevice.mm */ = {isa = PBXFileReference; fileEncoding = 4; lastKnownFileType = sourcecode.cpp.objcpp; path = GEDevice.mm; sourceTree = "<group>"; };
		CE76006C1875EA51006E4B92 /* GEGraphicsDevice.cpp */ = {isa = PBXFileReference; fileEncoding = 4; lastKnownFileType = sourcecode.cpp.cpp; path = GEGraphicsDevice.cpp; sourceTree = "<group>"; };
		CE76006D1875EA51006E4B92 /* GEGraphicsDevice.h */ = {isa = PBXFileReference; fileEncoding = 4; lastKnownFileType = sourcecode.c.h; path = GEGraphicsDevice.h; sourceTree = "<group>"; };
		CE76006E1875EA51006E4B92 /* GERendering.cpp */ = {isa = PBXFileReference; fileEncoding = 4; lastKnownFileType = sourcecode.cpp.cpp; path = GERendering.cpp; sourceTree = "<group>"; };
		CE76006F1875EA51006E4B92 /* GERendering.h */ = {isa = PBXFileReference; fileEncoding = 4; lastKnownFileType = sourcecode.c.h; path = GERendering.h; sourceTree = "<group>"; };
		CE7600701875EA51006E4B92 /* GERenderingObjects.cpp */ = {isa = PBXFileReference; fileEncoding = 4; lastKnownFileType = sourcecode.cpp.cpp; path = GERenderingObjects.cpp; sourceTree = "<group>"; };
		CE7600711875EA51006E4B92 /* GERenderingObjects.h */ = {isa = PBXFileReference; fileEncoding = 4; lastKnownFileType = sourcecode.c.h; path = GERenderingObjects.h; sourceTree = "<group>"; };
		CE7600731875EA51006E4B92 /* GERenderingES20.h */ = {isa = PBXFileReference; fileEncoding = 4; lastKnownFileType = sourcecode.c.h; path = GERenderingES20.h; sourceTree = "<group>"; };
		CE7600741875EA51006E4B92 /* GERenderingES20.mm */ = {isa = PBXFileReference; fileEncoding = 4; lastKnownFileType = sourcecode.cpp.objcpp; path = GERenderingES20.mm; sourceTree = "<group>"; };
		CE7600751875EA51006E4B92 /* GERenderingObjectsES20.h */ = {isa = PBXFileReference; fileEncoding = 4; lastKnownFileType = sourcecode.c.h; path = GERenderingObjectsES20.h; sourceTree = "<group>"; };
		CE7600761875EA51006E4B92 /* GERenderingObjectsES20.mm */ = {isa = PBXFileReference; fileEncoding = 4; lastKnownFileType = sourcecode.cpp.objcpp; path = GERenderingObjectsES20.mm; sourceTree = "<group>"; };
		CE7600771875EA51006E4B92 /* GERenderingShadersES20.h */ = {isa = PBXFileReference; fileEncoding = 4; lastKnownFileType = sourcecode.c.h; path = GERenderingShadersES20.h; sourceTree = "<group>"; };
		CE7600781875EA51006E4B92 /* GERenderingShadersES20.mm */ = {isa = PBXFileReference; fileEncoding = 4; lastKnownFileType = sourcecode.cpp.objcpp; path = GERenderingShadersES20.mm; sourceTree = "<group>"; };
		CE7600831875EA51006E4B92 /* GEScene.cpp */ = {isa = PBXFileReference; fileEncoding = 4; lastKnownFileType = sourcecode.cpp.cpp; path = GEScene.cpp; sourceTree = "<group>"; };
		CE7600841875EA51006E4B92 /* GEScene.h */ = {isa = PBXFileReference; fileEncoding = 4; lastKnownFileType = sourcecode.c.h; path = GEScene.h; sourceTree = "<group>"; };
		CEC1A80816937F75006E3F90 /* config.h */ = {isa = PBXFileReference; lastKnownFileType = sourcecode.c.h; path = config.h; sourceTree = "<group>"; };
		CEE0D40F1874FE670055FA21 /* Default-568h@2x.png */ = {isa = PBXFileReference; lastKnownFileType = image.png; name = "Default-568h@2x.png"; path = "../common/Default-568h@2x.png"; sourceTree = "<group>"; };
		CEE0D425187500390055FA21 /* AppDelegate.h */ = {isa = PBXFileReference; fileEncoding = 4; lastKnownFileType = sourcecode.c.h; name = AppDelegate.h; path = ../../common/AppDelegate.h; sourceTree = "<group>"; };
		CEE0D426187500390055FA21 /* AppDelegate.m */ = {isa = PBXFileReference; fileEncoding = 4; lastKnownFileType = sourcecode.c.objc; name = AppDelegate.m; path = ../../common/AppDelegate.m; sourceTree = "<group>"; };
		CEE0D427187500390055FA21 /* iPad.storyboard */ = {isa = PBXFileReference; fileEncoding = 4; lastKnownFileType = file.storyboard; name = iPad.storyboard; path = ../../common/iPad.storyboard; sourceTree = "<group>"; };
		CEE0D428187500390055FA21 /* iPhone.storyboard */ = {isa = PBXFileReference; fileEncoding = 4; lastKnownFileType = file.storyboard; name = iPhone.storyboard; path = ../../common/iPhone.storyboard; sourceTree = "<group>"; };
		CEE0D429187500390055FA21 /* main.m */ = {isa = PBXFileReference; fileEncoding = 4; lastKnownFileType = sourcecode.c.objc; name = main.m; path = ../../common/main.m; sourceTree = "<group>"; };
		CEE0D4941875139D0055FA21 /* hud.fsh */ = {isa = PBXFileReference; fileEncoding = 4; lastKnownFileType = sourcecode.glsl; path = hud.fsh; sourceTree = "<group>"; };
		CEE0D4951875139D0055FA21 /* hud.vsh */ = {isa = PBXFileReference; fileEncoding = 4; lastKnownFileType = sourcecode.glsl; path = hud.vsh; sourceTree = "<group>"; };
		CEE0D4961875139D0055FA21 /* mesh_color.fsh */ = {isa = PBXFileReference; fileEncoding = 4; lastKnownFileType = sourcecode.glsl; path = mesh_color.fsh; sourceTree = "<group>"; };
		CEE0D4971875139D0055FA21 /* mesh_color.vsh */ = {isa = PBXFileReference; fileEncoding = 4; lastKnownFileType = sourcecode.glsl; path = mesh_color.vsh; sourceTree = "<group>"; };
		CEE0D4981875139D0055FA21 /* mesh_texture.fsh */ = {isa = PBXFileReference; fileEncoding = 4; lastKnownFileType = sourcecode.glsl; path = mesh_texture.fsh; sourceTree = "<group>"; };
		CEE0D4991875139D0055FA21 /* mesh_texture.vsh */ = {isa = PBXFileReference; fileEncoding = 4; lastKnownFileType = sourcecode.glsl; path = mesh_texture.vsh; sourceTree = "<group>"; };
		CEE0D49A1875139D0055FA21 /* text.fsh */ = {isa = PBXFileReference; fileEncoding = 4; lastKnownFileType = sourcecode.glsl; path = text.fsh; sourceTree = "<group>"; };
		CEE0D49B1875139D0055FA21 /* text.vsh */ = {isa = PBXFileReference; fileEncoding = 4; lastKnownFileType = sourcecode.glsl; path = text.vsh; sourceTree = "<group>"; };
		CEE82F6716679399004FBB96 /* 01_Overview.app */ = {isa = PBXFileReference; explicitFileType = wrapper.application; includeInIndex = 0; path = 01_Overview.app; sourceTree = BUILT_PRODUCTS_DIR; };
		CEE82F6B16679399004FBB96 /* UIKit.framework */ = {isa = PBXFileReference; lastKnownFileType = wrapper.framework; name = UIKit.framework; path = System/Library/Frameworks/UIKit.framework; sourceTree = SDKROOT; };
		CEE82F6D16679399004FBB96 /* Foundation.framework */ = {isa = PBXFileReference; lastKnownFileType = wrapper.framework; name = Foundation.framework; path = System/Library/Frameworks/Foundation.framework; sourceTree = SDKROOT; };
		CEE82F6F16679399004FBB96 /* CoreGraphics.framework */ = {isa = PBXFileReference; lastKnownFileType = wrapper.framework; name = CoreGraphics.framework; path = System/Library/Frameworks/CoreGraphics.framework; sourceTree = SDKROOT; };
		CEE82F7116679399004FBB96 /* GLKit.framework */ = {isa = PBXFileReference; lastKnownFileType = wrapper.framework; name = GLKit.framework; path = System/Library/Frameworks/GLKit.framework; sourceTree = SDKROOT; };
		CEE82F7316679399004FBB96 /* OpenGLES.framework */ = {isa = PBXFileReference; lastKnownFileType = wrapper.framework; name = OpenGLES.framework; path = System/Library/Frameworks/OpenGLES.framework; sourceTree = SDKROOT; };
		CEE82F7716679399004FBB96 /* 01_Overview-Info.plist */ = {isa = PBXFileReference; lastKnownFileType = text.plist.xml; path = "01_Overview-Info.plist"; sourceTree = "<group>"; };
		CEE82F7916679399004FBB96 /* en */ = {isa = PBXFileReference; lastKnownFileType = text.plist.strings; name = en; path = en.lproj/InfoPlist.strings; sourceTree = "<group>"; };
		CEE82F7D16679399004FBB96 /* 01_Overview-Prefix.pch */ = {isa = PBXFileReference; lastKnownFileType = sourcecode.c.h; path = "01_Overview-Prefix.pch"; sourceTree = "<group>"; };
		CEE82F8B16679399004FBB96 /* ViewController.h */ = {isa = PBXFileReference; lastKnownFileType = sourcecode.c.h; path = ViewController.h; sourceTree = "<group>"; };
		CEE82F8C16679399004FBB96 /* ViewController.mm */ = {isa = PBXFileReference; lastKnownFileType = sourcecode.cpp.objcpp; path = ViewController.mm; sourceTree = "<group>"; };
		CEE82F97166794A2004FBB96 /* CoreAudio.framework */ = {isa = PBXFileReference; lastKnownFileType = wrapper.framework; name = CoreAudio.framework; path = System/Library/Frameworks/CoreAudio.framework; sourceTree = SDKROOT; };
		CEE82F9A166794AA004FBB96 /* OpenAL.framework */ = {isa = PBXFileReference; lastKnownFileType = wrapper.framework; name = OpenAL.framework; path = System/Library/Frameworks/OpenAL.framework; sourceTree = SDKROOT; };
		CEE82F9C166794B4004FBB96 /* AudioToolbox.framework */ = {isa = PBXFileReference; lastKnownFileType = wrapper.framework; name = AudioToolbox.framework; path = System/Library/Frameworks/AudioToolbox.framework; sourceTree = SDKROOT; };
		CEE82FA1166797D1004FBB96 /* song.caf */ = {isa = PBXFileReference; lastKnownFileType = file; name = song.caf; path = Resources/Sounds/song.caf; sourceTree = "<group>"; };
		CEE82FA2166797D1004FBB96 /* touch.wav */ = {isa = PBXFileReference; lastKnownFileType = audio.wav; name = touch.wav; path = Resources/Sounds/touch.wav; sourceTree = "<group>"; };
		CEE82FA5166797DB004FBB96 /* banana.h */ = {isa = PBXFileReference; fileEncoding = 4; lastKnownFileType = sourcecode.c.h; name = banana.h; path = Resources/Models/banana.h; sourceTree = "<group>"; };
		CEE82FA6166797DB004FBB96 /* cube.h */ = {isa = PBXFileReference; fileEncoding = 4; lastKnownFileType = sourcecode.c.h; name = cube.h; path = Resources/Models/cube.h; sourceTree = "<group>"; };
		CEE82FA8166797EF004FBB96 /* background.jpg */ = {isa = PBXFileReference; lastKnownFileType = image.jpeg; name = background.jpg; path = Resources/Textures/background.jpg; sourceTree = "<group>"; };
		CEE82FAA166797EF004FBB96 /* basketball.png */ = {isa = PBXFileReference; lastKnownFileType = image.png; name = basketball.png; path = Resources/Textures/basketball.png; sourceTree = "<group>"; };
		CEE82FAB166797EF004FBB96 /* info.png */ = {isa = PBXFileReference; lastKnownFileType = image.png; name = info.png; path = Resources/Textures/info.png; sourceTree = "<group>"; };
		CEE82FB216679817004FBB96 /* SceneSample.h */ = {isa = PBXFileReference; fileEncoding = 4; lastKnownFileType = sourcecode.c.h; name = SceneSample.h; path = Scenes/SceneSample.h; sourceTree = "<group>"; };
		CEE82FB316679817004FBB96 /* SceneSample.mm */ = {isa = PBXFileReference; fileEncoding = 4; lastKnownFileType = sourcecode.cpp.objcpp; name = SceneSample.mm; path = Scenes/SceneSample.mm; sourceTree = "<group>"; };
/* End PBXFileReference section */

/* Begin PBXFrameworksBuildPhase section */
		CEE82F6416679399004FBB96 /* Frameworks */ = {
			isa = PBXFrameworksBuildPhase;
			buildActionMask = 2147483647;
			files = (
				CEE82F9D166794B4004FBB96 /* AudioToolbox.framework in Frameworks */,
				CEE82F9B166794AA004FBB96 /* OpenAL.framework in Frameworks */,
				CEE82F98166794A2004FBB96 /* CoreAudio.framework in Frameworks */,
				CEE82F6C16679399004FBB96 /* UIKit.framework in Frameworks */,
				CEE82F6E16679399004FBB96 /* Foundation.framework in Frameworks */,
				CEE82F7016679399004FBB96 /* CoreGraphics.framework in Frameworks */,
				CEE82F7216679399004FBB96 /* GLKit.framework in Frameworks */,
				CEE82F7416679399004FBB96 /* OpenGLES.framework in Frameworks */,
			);
			runOnlyForDeploymentPostprocessing = 0;
		};
/* End PBXFrameworksBuildPhase section */

/* Begin PBXGroup section */
		CE76004E1875EA51006E4B92 /* Audio */ = {
			isa = PBXGroup;
			children = (
				CE7600521875EA51006E4B92 /* GEAudio.cpp */,
				CE7600531875EA51006E4B92 /* GEAudio.h */,
				CE7600541875EA51006E4B92 /* OpenAL */,
			);
			name = Audio;
			path = "../../Game Engine/Audio";
			sourceTree = "<group>";
		};
		CE7600541875EA51006E4B92 /* OpenAL */ = {
			isa = PBXGroup;
			children = (
				CE7600551875EA51006E4B92 /* GEAudioOpenAL.h */,
				CE7600561875EA51006E4B92 /* GEAudioOpenAL.mm */,
			);
			path = OpenAL;
			sourceTree = "<group>";
		};
		CE7600571875EA51006E4B92 /* Core */ = {
			isa = PBXGroup;
			children = (
				CE7600581875EA51006E4B92 /* GEConstants.h */,
				CE76005B1875EA51006E4B92 /* GETypes.h */,
				CE76005C1875EA51006E4B92 /* GEUtils.cpp */,
				CE76005D1875EA51006E4B92 /* GEUtils.h */,
				CE76005E1875EA51006E4B92 /* iOS */,
			);
			name = Core;
			path = "../../Game Engine/Core";
			sourceTree = "<group>";
		};
		CE76005E1875EA51006E4B92 /* iOS */ = {
			isa = PBXGroup;
			children = (
				CE76005F1875EA51006E4B92 /* GEDevice.h */,
				CE7600601875EA51006E4B92 /* GEDevice.mm */,
			);
			path = iOS;
			sourceTree = "<group>";
		};
		CE7600641875EA51006E4B92 /* Rendering */ = {
			isa = PBXGroup;
			children = (
				CE76006C1875EA51006E4B92 /* GEGraphicsDevice.cpp */,
				CE76006D1875EA51006E4B92 /* GEGraphicsDevice.h */,
				CE76006E1875EA51006E4B92 /* GERendering.cpp */,
				CE76006F1875EA51006E4B92 /* GERendering.h */,
				CE7600701875EA51006E4B92 /* GERenderingObjects.cpp */,
				CE7600711875EA51006E4B92 /* GERenderingObjects.h */,
				CE7600721875EA51006E4B92 /* OpenGL */,
			);
			name = Rendering;
			path = "../../Game Engine/Rendering";
			sourceTree = "<group>";
		};
		CE7600721875EA51006E4B92 /* OpenGL */ = {
			isa = PBXGroup;
			children = (
				CE7600731875EA51006E4B92 /* GERenderingES20.h */,
				CE7600741875EA51006E4B92 /* GERenderingES20.mm */,
				CE7600751875EA51006E4B92 /* GERenderingObjectsES20.h */,
				CE7600761875EA51006E4B92 /* GERenderingObjectsES20.mm */,
				CE7600771875EA51006E4B92 /* GERenderingShadersES20.h */,
				CE7600781875EA51006E4B92 /* GERenderingShadersES20.mm */,
			);
			path = OpenGL;
			sourceTree = "<group>";
		};
		CE7600821875EA51006E4B92 /* Scenes */ = {
			isa = PBXGroup;
			children = (
				CE7600831875EA51006E4B92 /* GEScene.cpp */,
				CE7600841875EA51006E4B92 /* GEScene.h */,
			);
			name = Scenes;
			path = "../../Game Engine/Scenes";
			sourceTree = "<group>";
		};
		CEE0D4931875139D0055FA21 /* Shaders */ = {
			isa = PBXGroup;
			children = (
				CEE0D4941875139D0055FA21 /* hud.fsh */,
				CEE0D4951875139D0055FA21 /* hud.vsh */,
				CEE0D4961875139D0055FA21 /* mesh_color.fsh */,
				CEE0D4971875139D0055FA21 /* mesh_color.vsh */,
				CEE0D4981875139D0055FA21 /* mesh_texture.fsh */,
				CEE0D4991875139D0055FA21 /* mesh_texture.vsh */,
				CEE0D49A1875139D0055FA21 /* text.fsh */,
				CEE0D49B1875139D0055FA21 /* text.vsh */,
			);
			name = Shaders;
			path = "../../Game Engine/Rendering/OpenGL/Shaders";
			sourceTree = "<group>";
		};
		CEE82F5C16679399004FBB96 = {
			isa = PBXGroup;
			children = (
				CEE0D40F1874FE670055FA21 /* Default-568h@2x.png */,
				CEE82F7516679399004FBB96 /* Main */,
				CEE82FB0166797F7004FBB96 /* Game Engine */,
				CEE82FB1166797FD004FBB96 /* Scenes */,
				CEE82F9E166797AE004FBB96 /* Resources */,
				CEE82F6A16679399004FBB96 /* Frameworks */,
				CEE82F6816679399004FBB96 /* Products */,
			);
			sourceTree = "<group>";
		};
		CEE82F6816679399004FBB96 /* Products */ = {
			isa = PBXGroup;
			children = (
				CEE82F6716679399004FBB96 /* 01_Overview.app */,
			);
			name = Products;
			sourceTree = "<group>";
		};
		CEE82F6A16679399004FBB96 /* Frameworks */ = {
			isa = PBXGroup;
			children = (
				CEE82F9C166794B4004FBB96 /* AudioToolbox.framework */,
				CEE82F9A166794AA004FBB96 /* OpenAL.framework */,
				CEE82F97166794A2004FBB96 /* CoreAudio.framework */,
				CEE82F6B16679399004FBB96 /* UIKit.framework */,
				CEE82F6D16679399004FBB96 /* Foundation.framework */,
				CEE82F6F16679399004FBB96 /* CoreGraphics.framework */,
				CEE82F7116679399004FBB96 /* GLKit.framework */,
				CEE82F7316679399004FBB96 /* OpenGLES.framework */,
			);
			name = Frameworks;
			sourceTree = "<group>";
		};
		CEE82F7516679399004FBB96 /* Main */ = {
			isa = PBXGroup;
			children = (
				CEE0D425187500390055FA21 /* AppDelegate.h */,
				CEE0D426187500390055FA21 /* AppDelegate.m */,
				CEE0D427187500390055FA21 /* iPad.storyboard */,
				CEE0D428187500390055FA21 /* iPhone.storyboard */,
				CEE0D429187500390055FA21 /* main.m */,
				CEC1A80816937F75006E3F90 /* config.h */,
				CEE82F8B16679399004FBB96 /* ViewController.h */,
				CEE82F8C16679399004FBB96 /* ViewController.mm */,
				CEE82F7616679399004FBB96 /* Supporting Files */,
			);
			path = Main;
			sourceTree = SOURCE_ROOT;
		};
		CEE82F7616679399004FBB96 /* Supporting Files */ = {
			isa = PBXGroup;
			children = (
				CEE82F7716679399004FBB96 /* 01_Overview-Info.plist */,
				CEE82F7D16679399004FBB96 /* 01_Overview-Prefix.pch */,
				CEE82F7816679399004FBB96 /* InfoPlist.strings */,
			);
			name = "Supporting Files";
			sourceTree = "<group>";
		};
		CEE82F9E166797AE004FBB96 /* Resources */ = {
			isa = PBXGroup;
			children = (
				CEE0D4931875139D0055FA21 /* Shaders */,
				CEE82FA7166797E4004FBB96 /* Textures */,
				CEE82F9F166797B7004FBB96 /* Models */,
				CEE82FA0166797BD004FBB96 /* Sounds */,
			);
			name = Resources;
			sourceTree = "<group>";
		};
		CEE82F9F166797B7004FBB96 /* Models */ = {
			isa = PBXGroup;
			children = (
				CEE82FA5166797DB004FBB96 /* banana.h */,
				CEE82FA6166797DB004FBB96 /* cube.h */,
			);
			name = Models;
			sourceTree = "<group>";
		};
		CEE82FA0166797BD004FBB96 /* Sounds */ = {
			isa = PBXGroup;
			children = (
				CEE82FA1166797D1004FBB96 /* song.caf */,
				CEE82FA2166797D1004FBB96 /* touch.wav */,
			);
			name = Sounds;
			sourceTree = "<group>";
		};
		CEE82FA7166797E4004FBB96 /* Textures */ = {
			isa = PBXGroup;
			children = (
				693935C116A972B20061C256 /* banana.pvrtc */,
				CEE82FA8166797EF004FBB96 /* background.jpg */,
				CEE82FAA166797EF004FBB96 /* basketball.png */,
				CEE82FAB166797EF004FBB96 /* info.png */,
			);
			name = Textures;
			sourceTree = "<group>";
		};
		CEE82FB0166797F7004FBB96 /* Game Engine */ = {
			isa = PBXGroup;
			children = (
				CE76004E1875EA51006E4B92 /* Audio */,
				CE7600571875EA51006E4B92 /* Core */,
				CE7600641875EA51006E4B92 /* Rendering */,
				CE7600821875EA51006E4B92 /* Scenes */,
			);
			name = "Game Engine";
			sourceTree = "<group>";
		};
		CEE82FB1166797FD004FBB96 /* Scenes */ = {
			isa = PBXGroup;
			children = (
				CEE82FB216679817004FBB96 /* SceneSample.h */,
				CEE82FB316679817004FBB96 /* SceneSample.mm */,
			);
			name = Scenes;
			sourceTree = "<group>";
		};
/* End PBXGroup section */

/* Begin PBXNativeTarget section */
		CEE82F6616679399004FBB96 /* 01_Overview */ = {
			isa = PBXNativeTarget;
			buildConfigurationList = CEE82F9016679399004FBB96 /* Build configuration list for PBXNativeTarget "01_Overview" */;
			buildPhases = (
				CEE82F6316679399004FBB96 /* Sources */,
				CEE82F6416679399004FBB96 /* Frameworks */,
				CEE82F6516679399004FBB96 /* Resources */,
				50524F424C454D533F /* ShellScript */,
			);
			buildRules = (
			);
			dependencies = (
			);
			name = 01_Overview;
			productName = 01_Overview;
			productReference = CEE82F6716679399004FBB96 /* 01_Overview.app */;
			productType = "com.apple.product-type.application";
		};
/* End PBXNativeTarget section */

/* Begin PBXProject section */
		CEE82F5E16679399004FBB96 /* Project object */ = {
			isa = PBXProject;
			attributes = {
				LastUpgradeCheck = 0460;
			};
			buildConfigurationList = CEE82F6116679399004FBB96 /* Build configuration list for PBXProject "01_Overview" */;
			compatibilityVersion = "Xcode 3.2";
			developmentRegion = English;
			hasScannedForEncodings = 0;
			knownRegions = (
				en,
			);
			mainGroup = CEE82F5C16679399004FBB96;
			productRefGroup = CEE82F6816679399004FBB96 /* Products */;
			projectDirPath = "";
			projectRoot = "";
			targets = (
				CEE82F6616679399004FBB96 /* 01_Overview */,
			);
		};
/* End PBXProject section */

/* Begin PBXResourcesBuildPhase section */
		CEE82F6516679399004FBB96 /* Resources */ = {
			isa = PBXResourcesBuildPhase;
			buildActionMask = 2147483647;
			files = (
				CEE0D4A4187513AB0055FA21 /* hud.fsh in Resources */,
				CEE0D4A5187513AB0055FA21 /* hud.vsh in Resources */,
				CEE0D4A6187513AB0055FA21 /* mesh_color.fsh in Resources */,
				CEE0D4A7187513AB0055FA21 /* mesh_color.vsh in Resources */,
				CEE0D4A8187513AB0055FA21 /* mesh_texture.fsh in Resources */,
				CEE0D4A9187513AB0055FA21 /* mesh_texture.vsh in Resources */,
				CEE0D4AA187513AB0055FA21 /* text.fsh in Resources */,
				CEE0D4AB187513AB0055FA21 /* text.vsh in Resources */,
				CEE82F7A16679399004FBB96 /* InfoPlist.strings in Resources */,
				CEE82FA3166797D1004FBB96 /* song.caf in Resources */,
				CEE82FA4166797D1004FBB96 /* touch.wav in Resources */,
				CEE82FAC166797EF004FBB96 /* background.jpg in Resources */,
				CEE82FAE166797EF004FBB96 /* basketball.png in Resources */,
				CEE82FAF166797EF004FBB96 /* info.png in Resources */,
				693935C216A972B20061C256 /* banana.pvrtc in Resources */,
				CEE0D4101874FE670055FA21 /* Default-568h@2x.png in Resources */,
				CEE0D42B187500390055FA21 /* iPad.storyboard in Resources */,
				CEE0D42C187500390055FA21 /* iPhone.storyboard in Resources */,
			);
			runOnlyForDeploymentPostprocessing = 0;
		};
/* End PBXResourcesBuildPhase section */



/* Begin PBXSourcesBuildPhase section */
		CEE82F6316679399004FBB96 /* Sources */ = {
			isa = PBXSourcesBuildPhase;
			buildActionMask = 2147483647;
			files = (
				CEE82F8D16679399004FBB96 /* ViewController.mm in Sources */,
				CEE82FB416679817004FBB96 /* SceneSample.mm in Sources */,
				CEE0D42A187500390055FA21 /* AppDelegate.m in Sources */,
				CEE0D42D187500390055FA21 /* main.m in Sources */,
				CE7600861875EA51006E4B92 /* GEAudio.cpp in Sources */,
				CE7600871875EA51006E4B92 /* GEAudioOpenAL.mm in Sources */,
				CE7600891875EA51006E4B92 /* GEUtils.cpp in Sources */,
				CE76008A1875EA51006E4B92 /* GEDevice.mm in Sources */,
				CE76008F1875EA51006E4B92 /* GEGraphicsDevice.cpp in Sources */,
				CE7600901875EA51006E4B92 /* GERendering.cpp in Sources */,
				CE7600911875EA51006E4B92 /* GERenderingObjects.cpp in Sources */,
				CE7600921875EA51006E4B92 /* GERenderingES20.mm in Sources */,
				CE7600931875EA51006E4B92 /* GERenderingObjectsES20.mm in Sources */,
				CE7600941875EA51006E4B92 /* GERenderingShadersES20.mm in Sources */,
				CE76009D1875EA51006E4B92 /* GEScene.cpp in Sources */,
			);
			runOnlyForDeploymentPostprocessing = 0;
		};
/* End PBXSourcesBuildPhase section */

/* Begin PBXVariantGroup section */
		CEE82F7816679399004FBB96 /* InfoPlist.strings */ = {
			isa = PBXVariantGroup;
			children = (
				CEE82F7916679399004FBB96 /* en */,
			);
			name = InfoPlist.strings;
			sourceTree = "<group>";
		};
/* End PBXVariantGroup section */

/* Begin XCBuildConfiguration section */
		CEE82F8E16679399004FBB96 /* Debug */ = {
			isa = XCBuildConfiguration;
			buildSettings = {
				ALWAYS_SEARCH_USER_PATHS = NO;
				ARCHS = "$(ARCHS_STANDARD_32_BIT)";
				CLANG_WARN_CONSTANT_CONVERSION = YES;
				CLANG_WARN_ENUM_CONVERSION = YES;
				CLANG_WARN_INT_CONVERSION = YES;
				CLANG_WARN__DUPLICATE_METHOD_MATCH = YES;
				"CODE_SIGN_IDENTITY[sdk=iphoneos*]" = "";
				COPY_PHASE_STRIP = NO;
				GCC_C_LANGUAGE_STANDARD = gnu99;
				GCC_DYNAMIC_NO_PIC = NO;
				GCC_OPTIMIZATION_LEVEL = 0;
				GCC_PREPROCESSOR_DEFINITIONS = (
					"DEBUG=1",
					"$(inherited)",
				);
				GCC_SYMBOLS_PRIVATE_EXTERN = NO;
				GCC_VERSION = com.apple.compilers.llvm.clang.1_0;
				GCC_WARN_ABOUT_RETURN_TYPE = YES;
				GCC_WARN_UNINITIALIZED_AUTOS = YES;
				GCC_WARN_UNUSED_VARIABLE = YES;
				IPHONEOS_DEPLOYMENT_TARGET = 5.1;
				SDKROOT = iphoneos;
				TARGETED_DEVICE_FAMILY = "1,2";
			};
			name = Debug;
		};
		CEE82F8F16679399004FBB96 /* Release */ = {
			isa = XCBuildConfiguration;
			buildSettings = {
				ALWAYS_SEARCH_USER_PATHS = NO;
				ARCHS = "$(ARCHS_STANDARD_32_BIT)";
				CLANG_WARN_CONSTANT_CONVERSION = YES;
				CLANG_WARN_ENUM_CONVERSION = YES;
				CLANG_WARN_INT_CONVERSION = YES;
				CLANG_WARN__DUPLICATE_METHOD_MATCH = YES;
				"CODE_SIGN_IDENTITY[sdk=iphoneos*]" = "";
				COPY_PHASE_STRIP = YES;
				GCC_C_LANGUAGE_STANDARD = gnu99;
				GCC_VERSION = com.apple.compilers.llvm.clang.1_0;
				GCC_WARN_ABOUT_RETURN_TYPE = YES;
				GCC_WARN_UNINITIALIZED_AUTOS = YES;
				GCC_WARN_UNUSED_VARIABLE = YES;
				IPHONEOS_DEPLOYMENT_TARGET = 5.1;
				OTHER_CFLAGS = "-DNS_BLOCK_ASSERTIONS=1";
				SDKROOT = iphoneos;
				TARGETED_DEVICE_FAMILY = "1,2";
				VALIDATE_PRODUCT = YES;
			};
			name = Release;
		};
		CEE82F9116679399004FBB96 /* Debug */ = {
			isa = XCBuildConfiguration;
			buildSettings = {
				GCC_PRECOMPILE_PREFIX_HEADER = YES;
				GCC_PREFIX_HEADER = "Main/01_Overview-Prefix.pch";
				"GCC_THUMB_SUPPORT[arch=armv6]" = "";
				HEADER_SEARCH_PATHS = (
					"\"../../Game Engine\"",
				);
				INFOPLIST_FILE = "Main/01_Overview-Info.plist";
				PRODUCT_NAME = "$(TARGET_NAME)";
				WRAPPER_EXTENSION = app;
			};
			name = Debug;
		};
		CEE82F9216679399004FBB96 /* Release */ = {
			isa = XCBuildConfiguration;
			buildSettings = {
				GCC_PRECOMPILE_PREFIX_HEADER = YES;
				GCC_PREFIX_HEADER = "Main/01_Overview-Prefix.pch";
				"GCC_THUMB_SUPPORT[arch=armv6]" = "";
				HEADER_SEARCH_PATHS = (
					"\"../../Game Engine\"",
				);
				INFOPLIST_FILE = "Main/01_Overview-Info.plist";
				PRODUCT_NAME = "$(TARGET_NAME)";
				WRAPPER_EXTENSION = app;
			};
			name = Release;
		};
/* End XCBuildConfiguration section */

/* Begin XCConfigurationList section */
		CEE82F6116679399004FBB96 /* Build configuration list for PBXProject "01_Overview" */ = {
			isa = XCConfigurationList;
			buildConfigurations = (
				CEE82F8E16679399004FBB96 /* Debug */,
				CEE82F8F16679399004FBB96 /* Release */,
			);
			defaultConfigurationIsVisible = 0;
			defaultConfigurationName = Release;
		};
		CEE82F9016679399004FBB96 /* Build configuration list for PBXNativeTarget "01_Overview" */ = {
			isa = XCConfigurationList;
			buildConfigurations = (
				CEE82F9116679399004FBB96 /* Debug */,
				CEE82F9216679399004FBB96 /* Release */,
			);
			defaultConfigurationIsVisible = 0;
			defaultConfigurationName = Release;
		};
/* End XCConfigurationList section */
	};
	rootObject = CEE82F5E16679399004FBB96 /* Project object */;
}
