<?xml version="1.0" encoding="utf-8"?>
<Project ToolsVersion="4.0" xmlns="http://schemas.microsoft.com/developer/msbuild/2003">
  <ItemGroup>
    <Filter Include="Assets">
      <UniqueIdentifier>17b52f90-9b33-4188-8a0e-808582bbabbc</UniqueIdentifier>
      <Extensions>ico;bmp;dlg;gif;jpg;jpeg;jpe;resx;tiff;tif;png;wav;resw;resjson</Extensions>
    </Filter>
    <Filter Include="States">
      <UniqueIdentifier>{a7011e08-3aac-4986-ba91-a6b991354ea2}</UniqueIdentifier>
    </Filter>
    <Filter Include="Resources">
      <UniqueIdentifier>{4612e62c-82aa-4293-a764-14d74db52499}</UniqueIdentifier>
    </Filter>
    <Filter Include="Resources\Shaders">
      <UniqueIdentifier>{a4de13dd-9fb8-463e-a84d-eebe4bc9d9db}</UniqueIdentifier>
    </Filter>
    <Filter Include="Resources\Textures">
      <UniqueIdentifier>{c862ed79-4c43-4dbc-a4fa-dbd34d33960b}</UniqueIdentifier>
    </Filter>
    <Filter Include="Resources\Models">
      <UniqueIdentifier>{1fe78781-d771-42e6-8153-e5c47d6b91c7}</UniqueIdentifier>
    </Filter>
  </ItemGroup>
  <ItemGroup>
    <Image Include="Assets\ApplicationIcon.png">
      <Filter>Assets</Filter>
    </Image>
    <Image Include="Assets\AlignmentGrid.png">
      <Filter>Assets</Filter>
    </Image>
    <Image Include="Assets\Tiles\FlipCycleTileLarge.png">
      <Filter>Assets</Filter>
    </Image>
    <Image Include="Assets\Tiles\FlipCycleTileMedium.png">
      <Filter>Assets</Filter>
    </Image>
    <Image Include="Assets\Tiles\FlipCycleTileSmall.png">
      <Filter>Assets</Filter>
    </Image>
    <Image Include="Assets\Tiles\IconicTileMediumLarge.png">
      <Filter>Assets</Filter>
    </Image>
    <Image Include="Assets\Tiles\IconicTileSmall.png">
      <Filter>Assets</Filter>
    </Image>
    <Image Include="Textures\banana.jpg">
      <Filter>Resources\Textures</Filter>
    </Image>
    <Image Include="Textures\bulb.png">
      <Filter>Resources\Textures</Filter>
    </Image>
  </ItemGroup>
  <ItemGroup>
    <ClCompile Include="AppMain.cpp" />
    <ClCompile Include="..\..\source\03_Light\StateSample.cpp">
      <Filter>States</Filter>
    </ClCompile>
  </ItemGroup>
  <ItemGroup>
    <ClInclude Include="AppMain.h" />
    <ClInclude Include="..\..\source\03_Light\StateSample.h">
      <Filter>States</Filter>
    </ClInclude>
  </ItemGroup>
  <ItemGroup>
    <Xml Include="WMAppManifest.xml" />
  </ItemGroup>
  <ItemGroup>
    <FxCompile Include="Shaders\hud.psh.hlsl">
      <Filter>Resources\Shaders</Filter>
    </FxCompile>
    <FxCompile Include="Shaders\hud.vsh.hlsl">
      <Filter>Resources\Shaders</Filter>
    </FxCompile>
    <FxCompile Include="Shaders\mesh_color.psh.hlsl">
      <Filter>Resources\Shaders</Filter>
    </FxCompile>
    <FxCompile Include="Shaders\mesh_color.vsh.hlsl">
      <Filter>Resources\Shaders</Filter>
    </FxCompile>
    <FxCompile Include="Shaders\mesh_texture.psh.hlsl">
      <Filter>Resources\Shaders</Filter>
    </FxCompile>
    <FxCompile Include="Shaders\mesh_texture.vsh.hlsl">
      <Filter>Resources\Shaders</Filter>
    </FxCompile>
    <FxCompile Include="Shaders\text.psh.hlsl">
      <Filter>Resources\Shaders</Filter>
    </FxCompile>
    <FxCompile Include="Shaders\text.vsh.hlsl">
      <Filter>Resources\Shaders</Filter>
    </FxCompile>
  </ItemGroup>
  <ItemGroup>
    <Media Include="Models\banana.gem">
      <Filter>Resources\Models</Filter>
    </Media>
    <Media Include="Models\cube.gem">
      <Filter>Resources\Models</Filter>
    </Media>
  </ItemGroup>
</Project>